// !$*UTF8*$!
{
	archiveVersion = 1;
	classes = {
	};
	objectVersion = 46;
	objects = {

/* Begin PBXBuildFile section */
		05ADE9D519C2C816001F5909 /* AppDelegate.swift in Sources */ = {isa = PBXBuildFile; fileRef = 05ADE9D419C2C816001F5909 /* AppDelegate.swift */; };
		05ADE9D719C2C816001F5909 /* ViewController.swift in Sources */ = {isa = PBXBuildFile; fileRef = 05ADE9D619C2C816001F5909 /* ViewController.swift */; };
		05ADE9DA19C2C816001F5909 /* Main.storyboard in Resources */ = {isa = PBXBuildFile; fileRef = 05ADE9D819C2C816001F5909 /* Main.storyboard */; };
		05ADE9DC19C2C816001F5909 /* Images.xcassets in Resources */ = {isa = PBXBuildFile; fileRef = 05ADE9DB19C2C816001F5909 /* Images.xcassets */; };
		05ADE9E819C2C816001F5909 /* TipCalculatorTests.swift in Sources */ = {isa = PBXBuildFile; fileRef = 05ADE9E719C2C816001F5909 /* TipCalculatorTests.swift */; };
/* End PBXBuildFile section */

/* Begin PBXContainerItemProxy section */
		05ADE9E219C2C816001F5909 /* PBXContainerItemProxy */ = {
			isa = PBXContainerItemProxy;
			containerPortal = 05ADE9C719C2C816001F5909 /* Project object */;
			proxyType = 1;
			remoteGlobalIDString = 05ADE9CE19C2C816001F5909;
			remoteInfo = TipCalculator;
		};
/* End PBXContainerItemProxy section */

/* Begin PBXFileReference section */
		05ADE9CF19C2C816001F5909 /* TipCalculator.app */ = {isa = PBXFileReference; explicitFileType = wrapper.application; includeInIndex = 0; path = TipCalculator.app; sourceTree = BUILT_PRODUCTS_DIR; };
		05ADE9D319C2C816001F5909 /* Info.plist */ = {isa = PBXFileReference; lastKnownFileType = text.plist.xml; path = Info.plist; sourceTree = "<group>"; };
		05ADE9D419C2C816001F5909 /* AppDelegate.swift */ = {isa = PBXFileReference; lastKnownFileType = sourcecode.swift; path = AppDelegate.swift; sourceTree = "<group>"; };
		05ADE9D619C2C816001F5909 /* ViewController.swift */ = {isa = PBXFileReference; lastKnownFileType = sourcecode.swift; path = ViewController.swift; sourceTree = "<group>"; };
		05ADE9D919C2C816001F5909 /* Base */ = {isa = PBXFileReference; lastKnownFileType = file.storyboard; name = Base; path = Base.lproj/Main.storyboard; sourceTree = "<group>"; };
		05ADE9DB19C2C816001F5909 /* Images.xcassets */ = {isa = PBXFileReference; lastKnownFileType = folder.assetcatalog; path = Images.xcassets; sourceTree = "<group>"; };
		05ADE9E119C2C816001F5909 /* TipCalculatorTests.xctest */ = {isa = PBXFileReference; explicitFileType = wrapper.cfbundle; includeInIndex = 0; path = TipCalculatorTests.xctest; sourceTree = BUILT_PRODUCTS_DIR; };
		05ADE9E619C2C816001F5909 /* Info.plist */ = {isa = PBXFileReference; lastKnownFileType = text.plist.xml; path = Info.plist; sourceTree = "<group>"; };
		05ADE9E719C2C816001F5909 /* TipCalculatorTests.swift */ = {isa = PBXFileReference; lastKnownFileType = sourcecode.swift; path = TipCalculatorTests.swift; sourceTree = "<group>"; };
/* End PBXFileReference section */

/* Begin PBXFrameworksBuildPhase section */
		05ADE9CC19C2C816001F5909 /* Frameworks */ = {
			isa = PBXFrameworksBuildPhase;
			buildActionMask = 2147483647;
			files = (
			);
			runOnlyForDeploymentPostprocessing = 0;
		};
		05ADE9DE19C2C816001F5909 /* Frameworks */ = {
			isa = PBXFrameworksBuildPhase;
			buildActionMask = 2147483647;
			files = (
			);
			runOnlyForDeploymentPostprocessing = 0;
		};
/* End PBXFrameworksBuildPhase section */

/* Begin PBXGroup section */
		05ADE9C619C2C816001F5909 = {
			isa = PBXGroup;
			children = (
				05ADE9D119C2C816001F5909 /* TipCalculator */,
				05ADE9E419C2C816001F5909 /* TipCalculatorTests */,
				05ADE9D019C2C816001F5909 /* Products */,
			);
			sourceTree = "<group>";
		};
		05ADE9D019C2C816001F5909 /* Products */ = {
			isa = PBXGroup;
			children = (
				05ADE9CF19C2C816001F5909 /* TipCalculator.app */,
				05ADE9E119C2C816001F5909 /* TipCalculatorTests.xctest */,
			);
			name = Products;
			sourceTree = "<group>";
		};
		05ADE9D119C2C816001F5909 /* TipCalculator */ = {
			isa = PBXGroup;
			children = (
				05ADE9D419C2C816001F5909 /* AppDelegate.swift */,
				05ADE9D619C2C816001F5909 /* ViewController.swift */,
				05ADE9D819C2C816001F5909 /* Main.storyboard */,
				05ADE9DB19C2C816001F5909 /* Images.xcassets */,
				05ADE9D219C2C816001F5909 /* Supporting Files */,
			);
			path = TipCalculator;
			sourceTree = "<group>";
		};
		05ADE9D219C2C816001F5909 /* Supporting Files */ = {
			isa = PBXGroup;
			children = (
				05ADE9D319C2C816001F5909 /* Info.plist */,
			);
			name = "Supporting Files";
			sourceTree = "<group>";
		};
		05ADE9E419C2C816001F5909 /* TipCalculatorTests */ = {
			isa = PBXGroup;
			children = (
				05ADE9E719C2C816001F5909 /* TipCalculatorTests.swift */,
				05ADE9E519C2C816001F5909 /* Supporting Files */,
			);
			path = TipCalculatorTests;
			sourceTree = "<group>";
		};
		05ADE9E519C2C816001F5909 /* Supporting Files */ = {
			isa = PBXGroup;
			children = (
				05ADE9E619C2C816001F5909 /* Info.plist */,
			);
			name = "Supporting Files";
			sourceTree = "<group>";
		};
/* End PBXGroup section */

/* Begin PBXNativeTarget section */
		05ADE9CE19C2C816001F5909 /* TipCalculator */ = {
			isa = PBXNativeTarget;
			buildConfigurationList = 05ADE9EB19C2C816001F5909 /* Build configuration list for PBXNativeTarget "TipCalculator" */;
			buildPhases = (
				05ADE9CB19C2C816001F5909 /* Sources */,
				05ADE9CC19C2C816001F5909 /* Frameworks */,
				05ADE9CD19C2C816001F5909 /* Resources */,
			);
			buildRules = (
			);
			dependencies = (
			);
			name = TipCalculator;
			productName = TipCalculator;
			productReference = 05ADE9CF19C2C816001F5909 /* TipCalculator.app */;
			productType = "com.apple.product-type.application";
		};
		05ADE9E019C2C816001F5909 /* TipCalculatorTests */ = {
			isa = PBXNativeTarget;
			buildConfigurationList = 05ADE9EE19C2C816001F5909 /* Build configuration list for PBXNativeTarget "TipCalculatorTests" */;
			buildPhases = (
				05ADE9DD19C2C816001F5909 /* Sources */,
				05ADE9DE19C2C816001F5909 /* Frameworks */,
				05ADE9DF19C2C816001F5909 /* Resources */,
			);
			buildRules = (
			);
			dependencies = (
				05ADE9E319C2C816001F5909 /* PBXTargetDependency */,
			);
			name = TipCalculatorTests;
			productName = TipCalculatorTests;
			productReference = 05ADE9E119C2C816001F5909 /* TipCalculatorTests.xctest */;
			productType = "com.apple.product-type.bundle.unit-test";
		};
/* End PBXNativeTarget section */

/* Begin PBXProject section */
		05ADE9C719C2C816001F5909 /* Project object */ = {
			isa = PBXProject;
			attributes = {
				LastUpgradeCheck = 0600;
				ORGANIZATIONNAME = Chatchai;
				TargetAttributes = {
					05ADE9CE19C2C816001F5909 = {
						CreatedOnToolsVersion = 6.0;
					};
					05ADE9E019C2C816001F5909 = {
						CreatedOnToolsVersion = 6.0;
						TestTargetID = 05ADE9CE19C2C816001F5909;
					};
				};
			};
			buildConfigurationList = 05ADE9CA19C2C816001F5909 /* Build configuration list for PBXProject "TipCalculator" */;
			compatibilityVersion = "Xcode 3.2";
			developmentRegion = English;
			hasScannedForEncodings = 0;
			knownRegions = (
				en,
				Base,
			);
			mainGroup = 05ADE9C619C2C816001F5909;
			productRefGroup = 05ADE9D019C2C816001F5909 /* Products */;
			projectDirPath = "";
			projectRoot = "";
			targets = (
				05ADE9CE19C2C816001F5909 /* TipCalculator */,
				05ADE9E019C2C816001F5909 /* TipCalculatorTests */,
			);
		};
/* End PBXProject section */

/* Begin PBXResourcesBuildPhase section */
		05ADE9CD19C2C816001F5909 /* Resources */ = {
			isa = PBXResourcesBuildPhase;
			buildActionMask = 2147483647;
			files = (
				05ADE9DA19C2C816001F5909 /* Main.storyboard in Resources */,
				05ADE9DC19C2C816001F5909 /* Images.xcassets in Resources */,
			);
			runOnlyForDeploymentPostprocessing = 0;
		};
		05ADE9DF19C2C816001F5909 /* Resources */ = {
			isa = PBXResourcesBuildPhase;
			buildActionMask = 2147483647;
			files = (
			);
			runOnlyForDeploymentPostprocessing = 0;
		};
/* End PBXResourcesBuildPhase section */

/* Begin PBXSourcesBuildPhase section */
		05ADE9CB19C2C816001F5909 /* Sources */ = {
			isa = PBXSourcesBuildPhase;
			buildActionMask = 2147483647;
			files = (
				05ADE9D719C2C816001F5909 /* ViewController.swift in Sources */,
				05ADE9D519C2C816001F5909 /* AppDelegate.swift in Sources */,
			);
			runOnlyForDeploymentPostprocessing = 0;
		};
		05ADE9DD19C2C816001F5909 /* Sources */ = {
			isa = PBXSourcesBuildPhase;
			buildActionMask = 2147483647;
			files = (
				05ADE9E819C2C816001F5909 /* TipCalculatorTests.swift in Sources */,
			);
			runOnlyForDeploymentPostprocessing = 0;
		};
/* End PBXSourcesBuildPhase section */

/* Begin PBXTargetDependency section */
		05ADE9E319C2C816001F5909 /* PBXTargetDependency */ = {
			isa = PBXTargetDependency;
			target = 05ADE9CE19C2C816001F5909 /* TipCalculator */;
			targetProxy = 05ADE9E219C2C816001F5909 /* PBXContainerItemProxy */;
		};
/* End PBXTargetDependency section */

/* Begin PBXVariantGroup section */
		05ADE9D819C2C816001F5909 /* Main.storyboard */ = {
			isa = PBXVariantGroup;
			children = (
				05ADE9D919C2C816001F5909 /* Base */,
			);
			name = Main.storyboard;
			sourceTree = "<group>";
		};
/* End PBXVariantGroup section */

/* Begin XCBuildConfiguration section */
		05ADE9E919C2C816001F5909 /* Debug */ = {
			isa = XCBuildConfiguration;
			buildSettings = {
				ALWAYS_SEARCH_USER_PATHS = NO;
				CLANG_CXX_LANGUAGE_STANDARD = "gnu++0x";
				CLANG_CXX_LIBRARY = "libc++";
				CLANG_ENABLE_MODULES = YES;
				CLANG_ENABLE_OBJC_ARC = YES;
				CLANG_WARN_BOOL_CONVERSION = YES;
				CLANG_WARN_CONSTANT_CONVERSION = YES;
				CLANG_WARN_DIRECT_OBJC_ISA_USAGE = YES_ERROR;
				CLANG_WARN_EMPTY_BODY = YES;
				CLANG_WARN_ENUM_CONVERSION = YES;
				CLANG_WARN_INT_CONVERSION = YES;
				CLANG_WARN_OBJC_ROOT_CLASS = YES_ERROR;
				CLANG_WARN_UNREACHABLE_CODE = YES;
				CLANG_WARN__DUPLICATE_METHOD_MATCH = YES;
				"CODE_SIGN_IDENTITY[sdk=iphoneos*]" = "iPhone Developer";
				COPY_PHASE_STRIP = NO;
				ENABLE_STRICT_OBJC_MSGSEND = YES;
				GCC_C_LANGUAGE_STANDARD = gnu99;
				GCC_DYNAMIC_NO_PIC = NO;
				GCC_OPTIMIZATION_LEVEL = 0;
				GCC_PREPROCESSOR_DEFINITIONS = (
					"DEBUG=1",
					"$(inherited)",
				);
				GCC_SYMBOLS_PRIVATE_EXTERN = NO;
				GCC_WARN_64_TO_32_BIT_CONVERSION = YES;
				GCC_WARN_ABOUT_RETURN_TYPE = YES_ERROR;
				GCC_WARN_UNDECLARED_SELECTOR = YES;
				GCC_WARN_UNINITIALIZED_AUTOS = YES_AGGRESSIVE;
				GCC_WARN_UNUSED_FUNCTION = YES;
				GCC_WARN_UNUSED_VARIABLE = YES;
				IPHONEOS_DEPLOYMENT_TARGET = 8.0;
				MTL_ENABLE_DEBUG_INFO = YES;
				ONLY_ACTIVE_ARCH = YES;
				SDKROOT = iphoneos;
				SWIFT_OPTIMIZATION_LEVEL = "-Onone";
			};
			name = Debug;
		};
		05ADE9EA19C2C816001F5909 /* Release */ = {
			isa = XCBuildConfiguration;
			buildSettings = {
				ALWAYS_SEARCH_USER_PATHS = NO;
				CLANG_CXX_LANGUAGE_STANDARD = "gnu++0x";
				CLANG_CXX_LIBRARY = "libc++";
				CLANG_ENABLE_MODULES = YES;
				CLANG_ENABLE_OBJC_ARC = YES;
				CLANG_WARN_BOOL_CONVERSION = YES;
				CLANG_WARN_CONSTANT_CONVERSION = YES;
				CLANG_WARN_DIRECT_OBJC_ISA_USAGE = YES_ERROR;
				CLANG_WARN_EMPTY_BODY = YES;
				CLANG_WARN_ENUM_CONVERSION = YES;
				CLANG_WARN_INT_CONVERSION = YES;
				CLANG_WARN_OBJC_ROOT_CLASS = YES_ERROR;
				CLANG_WARN_UNREACHABLE_CODE = YES;
				CLANG_WARN__DUPLICATE_METHOD_MATCH = YES;
				"CODE_SIGN_IDENTITY[sdk=iphoneos*]" = "iPhone Developer";
				COPY_PHASE_STRIP = YES;
				ENABLE_NS_ASSERTIONS = NO;
				ENABLE_STRICT_OBJC_MSGSEND = YES;
				GCC_C_LANGUAGE_STANDARD = gnu99;
				GCC_WARN_64_TO_32_BIT_CONVERSION = YES;
				GCC_WARN_ABOUT_RETURN_TYPE = YES_ERROR;
				GCC_WARN_UNDECLARED_SELECTOR = YES;
				GCC_WARN_UNINITIALIZED_AUTOS = YES_AGGRESSIVE;
				GCC_WARN_UNUSED_FUNCTION = YES;
				GCC_WARN_UNUSED_VARIABLE = YES;
				IPHONEOS_DEPLOYMENT_TARGET = 8.0;
				MTL_ENABLE_DEBUG_INFO = NO;
				SDKROOT = iphoneos;
				VALIDATE_PRODUCT = YES;
			};
			name = Release;
		};
		05ADE9EC19C2C816001F5909 /* Debug */ = {
			isa = XCBuildConfiguration;
			buildSettings = {
				ASSETCATALOG_COMPILER_APPICON_NAME = AppIcon;
				ASSETCATALOG_COMPILER_LAUNCHIMAGE_NAME = LaunchImage;
				INFOPLIST_FILE = TipCalculator/Info.plist;
				LD_RUNPATH_SEARCH_PATHS = "$(inherited) @executable_path/Frameworks";
				PRODUCT_NAME = "$(TARGET_NAME)";
			};
			name = Debug;
		};
		05ADE9ED19C2C816001F5909 /* Release */ = {
			isa = XCBuildConfiguration;
			buildSettings = {
				ASSETCATALOG_COMPILER_APPICON_NAME = AppIcon;
				ASSETCATALOG_COMPILER_LAUNCHIMAGE_NAME = LaunchImage;
				INFOPLIST_FILE = TipCalculator/Info.plist;
				LD_RUNPATH_SEARCH_PATHS = "$(inherited) @executable_path/Frameworks";
				PRODUCT_NAME = "$(TARGET_NAME)";
			};
			name = Release;
		};
		05ADE9EF19C2C816001F5909 /* Debug */ = {
			isa = XCBuildConfiguration;
			buildSettings = {
				BUNDLE_LOADER = "$(TEST_HOST)";
				FRAMEWORK_SEARCH_PATHS = (
					"$(SDKROOT)/Developer/Library/Frameworks",
					"$(inherited)",
				);
				GCC_PREPROCESSOR_DEFINITIONS = (
					"DEBUG=1",
					"$(inherited)",
				);
				INFOPLIST_FILE = TipCalculatorTests/Info.plist;
				LD_RUNPATH_SEARCH_PATHS = "$(inherited) @executable_path/Frameworks @loader_path/Frameworks";
				PRODUCT_NAME = "$(TARGET_NAME)";
				TEST_HOST = "$(BUILT_PRODUCTS_DIR)/TipCalculator.app/TipCalculator";
			};
			name = Debug;
		};
		05ADE9F019C2C816001F5909 /* Release */ = {
			isa = XCBuildConfiguration;
			buildSettings = {
				BUNDLE_LOADER = "$(TEST_HOST)";
				FRAMEWORK_SEARCH_PATHS = (
					"$(SDKROOT)/Developer/Library/Frameworks",
					"$(inherited)",
				);
				INFOPLIST_FILE = TipCalculatorTests/Info.plist;
				LD_RUNPATH_SEARCH_PATHS = "$(inherited) @executable_path/Frameworks @loader_path/Frameworks";
				PRODUCT_NAME = "$(TARGET_NAME)";
				TEST_HOST = "$(BUILT_PRODUCTS_DIR)/TipCalculator.app/TipCalculator";
			};
			name = Release;
		};
/* End XCBuildConfiguration section */

/* Begin XCConfigurationList section */
		05ADE9CA19C2C816001F5909 /* Build configuration list for PBXProject "TipCalculator" */ = {
			isa = XCConfigurationList;
			buildConfigurations = (
				05ADE9E919C2C816001F5909 /* Debug */,
				05ADE9EA19C2C816001F5909 /* Release */,
			);
			defaultConfigurationIsVisible = 0;
			defaultConfigurationName = Release;
		};
		05ADE9EB19C2C816001F5909 /* Build configuration list for PBXNativeTarget "TipCalculator" */ = {
			isa = XCConfigurationList;
			buildConfigurations = (
				05ADE9EC19C2C816001F5909 /* Debug */,
				05ADE9ED19C2C816001F5909 /* Release */,
			);
			defaultConfigurationIsVisible = 0;
		};
		05ADE9EE19C2C816001F5909 /* Build configuration list for PBXNativeTarget "TipCalculatorTests" */ = {
			isa = XCConfigurationList;
			buildConfigurations = (
				05ADE9EF19C2C816001F5909 /* Debug */,
				05ADE9F019C2C816001F5909 /* Release */,
			);
			defaultConfigurationIsVisible = 0;
		};
/* End XCConfigurationList section */
	};
	rootObject = 05ADE9C719C2C816001F5909 /* Project object */;
}
