// !$*UTF8*$!
{
	archiveVersion = 1;
	classes = {
	};
	objectVersion = 46;
	objects = {

/* Begin PBXBuildFile section */
		05AB7AA319D53D0B00AE28E0 /* AppDelegate.swift in Sources */ = {isa = PBXBuildFile; fileRef = 05AB7AA219D53D0B00AE28E0 /* AppDelegate.swift */; };
		05AB7AA519D53D0B00AE28E0 /* ViewController.swift in Sources */ = {isa = PBXBuildFile; fileRef = 05AB7AA419D53D0B00AE28E0 /* ViewController.swift */; };
		05AB7AA819D53D0B00AE28E0 /* Main.storyboard in Resources */ = {isa = PBXBuildFile; fileRef = 05AB7AA619D53D0B00AE28E0 /* Main.storyboard */; };
		05AB7AAA19D53D0B00AE28E0 /* Images.xcassets in Resources */ = {isa = PBXBuildFile; fileRef = 05AB7AA919D53D0B00AE28E0 /* Images.xcassets */; };
		05AB7AB619D53D0B00AE28E0 /* InputNameTests.swift in Sources */ = {isa = PBXBuildFile; fileRef = 05AB7AB519D53D0B00AE28E0 /* InputNameTests.swift */; };
		05AB7AC019D541B700AE28E0 /* Student.swift in Sources */ = {isa = PBXBuildFile; fileRef = 05AB7ABF19D541B700AE28E0 /* Student.swift */; };
/* End PBXBuildFile section */

/* Begin PBXContainerItemProxy section */
		05AB7AB019D53D0B00AE28E0 /* PBXContainerItemProxy */ = {
			isa = PBXContainerItemProxy;
			containerPortal = 05AB7A9519D53D0B00AE28E0 /* Project object */;
			proxyType = 1;
			remoteGlobalIDString = 05AB7A9C19D53D0B00AE28E0;
			remoteInfo = InputName;
		};
/* End PBXContainerItemProxy section */

/* Begin PBXFileReference section */
		05AB7A9D19D53D0B00AE28E0 /* InputName.app */ = {isa = PBXFileReference; explicitFileType = wrapper.application; includeInIndex = 0; path = InputName.app; sourceTree = BUILT_PRODUCTS_DIR; };
		05AB7AA119D53D0B00AE28E0 /* Info.plist */ = {isa = PBXFileReference; lastKnownFileType = text.plist.xml; path = Info.plist; sourceTree = "<group>"; };
		05AB7AA219D53D0B00AE28E0 /* AppDelegate.swift */ = {isa = PBXFileReference; lastKnownFileType = sourcecode.swift; path = AppDelegate.swift; sourceTree = "<group>"; };
		05AB7AA419D53D0B00AE28E0 /* ViewController.swift */ = {isa = PBXFileReference; lastKnownFileType = sourcecode.swift; path = ViewController.swift; sourceTree = "<group>"; };
		05AB7AA719D53D0B00AE28E0 /* Base */ = {isa = PBXFileReference; lastKnownFileType = file.storyboard; name = Base; path = Base.lproj/Main.storyboard; sourceTree = "<group>"; };
		05AB7AA919D53D0B00AE28E0 /* Images.xcassets */ = {isa = PBXFileReference; lastKnownFileType = folder.assetcatalog; path = Images.xcassets; sourceTree = "<group>"; };
		05AB7AAF19D53D0B00AE28E0 /* InputNameTests.xctest */ = {isa = PBXFileReference; explicitFileType = wrapper.cfbundle; includeInIndex = 0; path = InputNameTests.xctest; sourceTree = BUILT_PRODUCTS_DIR; };
		05AB7AB419D53D0B00AE28E0 /* Info.plist */ = {isa = PBXFileReference; lastKnownFileType = text.plist.xml; path = Info.plist; sourceTree = "<group>"; };
		05AB7AB519D53D0B00AE28E0 /* InputNameTests.swift */ = {isa = PBXFileReference; lastKnownFileType = sourcecode.swift; path = InputNameTests.swift; sourceTree = "<group>"; };
		05AB7ABF19D541B700AE28E0 /* Student.swift */ = {isa = PBXFileReference; fileEncoding = 4; lastKnownFileType = sourcecode.swift; path = Student.swift; sourceTree = "<group>"; };
/* End PBXFileReference section */

/* Begin PBXFrameworksBuildPhase section */
		05AB7A9A19D53D0B00AE28E0 /* Frameworks */ = {
			isa = PBXFrameworksBuildPhase;
			buildActionMask = 2147483647;
			files = (
			);
			runOnlyForDeploymentPostprocessing = 0;
		};
		05AB7AAC19D53D0B00AE28E0 /* Frameworks */ = {
			isa = PBXFrameworksBuildPhase;
			buildActionMask = 2147483647;
			files = (
			);
			runOnlyForDeploymentPostprocessing = 0;
		};
/* End PBXFrameworksBuildPhase section */

/* Begin PBXGroup section */
		05AB7A9419D53D0B00AE28E0 = {
			isa = PBXGroup;
			children = (
				05AB7A9F19D53D0B00AE28E0 /* InputName */,
				05AB7AB219D53D0B00AE28E0 /* InputNameTests */,
				05AB7A9E19D53D0B00AE28E0 /* Products */,
			);
			sourceTree = "<group>";
		};
		05AB7A9E19D53D0B00AE28E0 /* Products */ = {
			isa = PBXGroup;
			children = (
				05AB7A9D19D53D0B00AE28E0 /* InputName.app */,
				05AB7AAF19D53D0B00AE28E0 /* InputNameTests.xctest */,
			);
			name = Products;
			sourceTree = "<group>";
		};
		05AB7A9F19D53D0B00AE28E0 /* InputName */ = {
			isa = PBXGroup;
			children = (
				05AB7AA219D53D0B00AE28E0 /* AppDelegate.swift */,
				05AB7AA419D53D0B00AE28E0 /* ViewController.swift */,
				05AB7AA619D53D0B00AE28E0 /* Main.storyboard */,
				05AB7ABF19D541B700AE28E0 /* Student.swift */,
				05AB7AA919D53D0B00AE28E0 /* Images.xcassets */,
				05AB7AA019D53D0B00AE28E0 /* Supporting Files */,
			);
			path = InputName;
			sourceTree = "<group>";
		};
		05AB7AA019D53D0B00AE28E0 /* Supporting Files */ = {
			isa = PBXGroup;
			children = (
				05AB7AA119D53D0B00AE28E0 /* Info.plist */,
			);
			name = "Supporting Files";
			sourceTree = "<group>";
		};
		05AB7AB219D53D0B00AE28E0 /* InputNameTests */ = {
			isa = PBXGroup;
			children = (
				05AB7AB519D53D0B00AE28E0 /* InputNameTests.swift */,
				05AB7AB319D53D0B00AE28E0 /* Supporting Files */,
			);
			path = InputNameTests;
			sourceTree = "<group>";
		};
		05AB7AB319D53D0B00AE28E0 /* Supporting Files */ = {
			isa = PBXGroup;
			children = (
				05AB7AB419D53D0B00AE28E0 /* Info.plist */,
			);
			name = "Supporting Files";
			sourceTree = "<group>";
		};
/* End PBXGroup section */

/* Begin PBXNativeTarget section */
		05AB7A9C19D53D0B00AE28E0 /* InputName */ = {
			isa = PBXNativeTarget;
			buildConfigurationList = 05AB7AB919D53D0B00AE28E0 /* Build configuration list for PBXNativeTarget "InputName" */;
			buildPhases = (
				05AB7A9919D53D0B00AE28E0 /* Sources */,
				05AB7A9A19D53D0B00AE28E0 /* Frameworks */,
				05AB7A9B19D53D0B00AE28E0 /* Resources */,
			);
			buildRules = (
			);
			dependencies = (
			);
			name = InputName;
			productName = InputName;
			productReference = 05AB7A9D19D53D0B00AE28E0 /* InputName.app */;
			productType = "com.apple.product-type.application";
		};
		05AB7AAE19D53D0B00AE28E0 /* InputNameTests */ = {
			isa = PBXNativeTarget;
			buildConfigurationList = 05AB7ABC19D53D0B00AE28E0 /* Build configuration list for PBXNativeTarget "InputNameTests" */;
			buildPhases = (
				05AB7AAB19D53D0B00AE28E0 /* Sources */,
				05AB7AAC19D53D0B00AE28E0 /* Frameworks */,
				05AB7AAD19D53D0B00AE28E0 /* Resources */,
			);
			buildRules = (
			);
			dependencies = (
				05AB7AB119D53D0B00AE28E0 /* PBXTargetDependency */,
			);
			name = InputNameTests;
			productName = InputNameTests;
			productReference = 05AB7AAF19D53D0B00AE28E0 /* InputNameTests.xctest */;
			productType = "com.apple.product-type.bundle.unit-test";
		};
/* End PBXNativeTarget section */

/* Begin PBXProject section */
		05AB7A9519D53D0B00AE28E0 /* Project object */ = {
			isa = PBXProject;
			attributes = {
				LastUpgradeCheck = 0600;
				ORGANIZATIONNAME = Chatchai;
				TargetAttributes = {
					05AB7A9C19D53D0B00AE28E0 = {
						CreatedOnToolsVersion = 6.0;
					};
					05AB7AAE19D53D0B00AE28E0 = {
						CreatedOnToolsVersion = 6.0;
						TestTargetID = 05AB7A9C19D53D0B00AE28E0;
					};
				};
			};
			buildConfigurationList = 05AB7A9819D53D0B00AE28E0 /* Build configuration list for PBXProject "InputName" */;
			compatibilityVersion = "Xcode 3.2";
			developmentRegion = English;
			hasScannedForEncodings = 0;
			knownRegions = (
				en,
				Base,
			);
			mainGroup = 05AB7A9419D53D0B00AE28E0;
			productRefGroup = 05AB7A9E19D53D0B00AE28E0 /* Products */;
			projectDirPath = "";
			projectRoot = "";
			targets = (
				05AB7A9C19D53D0B00AE28E0 /* InputName */,
				05AB7AAE19D53D0B00AE28E0 /* InputNameTests */,
			);
		};
/* End PBXProject section */

/* Begin PBXResourcesBuildPhase section */
		05AB7A9B19D53D0B00AE28E0 /* Resources */ = {
			isa = PBXResourcesBuildPhase;
			buildActionMask = 2147483647;
			files = (
				05AB7AA819D53D0B00AE28E0 /* Main.storyboard in Resources */,
				05AB7AAA19D53D0B00AE28E0 /* Images.xcassets in Resources */,
			);
			runOnlyForDeploymentPostprocessing = 0;
		};
		05AB7AAD19D53D0B00AE28E0 /* Resources */ = {
			isa = PBXResourcesBuildPhase;
			buildActionMask = 2147483647;
			files = (
			);
			runOnlyForDeploymentPostprocessing = 0;
		};
/* End PBXResourcesBuildPhase section */

/* Begin PBXSourcesBuildPhase section */
		05AB7A9919D53D0B00AE28E0 /* Sources */ = {
			isa = PBXSourcesBuildPhase;
			buildActionMask = 2147483647;
			files = (
				05AB7AA519D53D0B00AE28E0 /* ViewController.swift in Sources */,
				05AB7AC019D541B700AE28E0 /* Student.swift in Sources */,
				05AB7AA319D53D0B00AE28E0 /* AppDelegate.swift in Sources */,
			);
			runOnlyForDeploymentPostprocessing = 0;
		};
		05AB7AAB19D53D0B00AE28E0 /* Sources */ = {
			isa = PBXSourcesBuildPhase;
			buildActionMask = 2147483647;
			files = (
				05AB7AB619D53D0B00AE28E0 /* InputNameTests.swift in Sources */,
			);
			runOnlyForDeploymentPostprocessing = 0;
		};
/* End PBXSourcesBuildPhase section */

/* Begin PBXTargetDependency section */
		05AB7AB119D53D0B00AE28E0 /* PBXTargetDependency */ = {
			isa = PBXTargetDependency;
			target = 05AB7A9C19D53D0B00AE28E0 /* InputName */;
			targetProxy = 05AB7AB019D53D0B00AE28E0 /* PBXContainerItemProxy */;
		};
/* End PBXTargetDependency section */

/* Begin PBXVariantGroup section */
		05AB7AA619D53D0B00AE28E0 /* Main.storyboard */ = {
			isa = PBXVariantGroup;
			children = (
				05AB7AA719D53D0B00AE28E0 /* Base */,
			);
			name = Main.storyboard;
			sourceTree = "<group>";
		};
/* End PBXVariantGroup section */

/* Begin XCBuildConfiguration section */
		05AB7AB719D53D0B00AE28E0 /* Debug */ = {
			isa = XCBuildConfiguration;
			buildSettings = {
				ALWAYS_SEARCH_USER_PATHS = NO;
				CLANG_CXX_LANGUAGE_STANDARD = "gnu++0x";
				CLANG_CXX_LIBRARY = "libc++";
				CLANG_ENABLE_MODULES = YES;
				CLANG_ENABLE_OBJC_ARC = YES;
				CLANG_WARN_BOOL_CONVERSION = YES;
				CLANG_WARN_CONSTANT_CONVERSION = YES;
				CLANG_WARN_DIRECT_OBJC_ISA_USAGE = YES_ERROR;
				CLANG_WARN_EMPTY_BODY = YES;
				CLANG_WARN_ENUM_CONVERSION = YES;
				CLANG_WARN_INT_CONVERSION = YES;
				CLANG_WARN_OBJC_ROOT_CLASS = YES_ERROR;
				CLANG_WARN_UNREACHABLE_CODE = YES;
				CLANG_WARN__DUPLICATE_METHOD_MATCH = YES;
				"CODE_SIGN_IDENTITY[sdk=iphoneos*]" = "iPhone Developer";
				COPY_PHASE_STRIP = NO;
				ENABLE_STRICT_OBJC_MSGSEND = YES;
				GCC_C_LANGUAGE_STANDARD = gnu99;
				GCC_DYNAMIC_NO_PIC = NO;
				GCC_OPTIMIZATION_LEVEL = 0;
				GCC_PREPROCESSOR_DEFINITIONS = (
					"DEBUG=1",
					"$(inherited)",
				);
				GCC_SYMBOLS_PRIVATE_EXTERN = NO;
				GCC_WARN_64_TO_32_BIT_CONVERSION = YES;
				GCC_WARN_ABOUT_RETURN_TYPE = YES_ERROR;
				GCC_WARN_UNDECLARED_SELECTOR = YES;
				GCC_WARN_UNINITIALIZED_AUTOS = YES_AGGRESSIVE;
				GCC_WARN_UNUSED_FUNCTION = YES;
				GCC_WARN_UNUSED_VARIABLE = YES;
				IPHONEOS_DEPLOYMENT_TARGET = 8.0;
				MTL_ENABLE_DEBUG_INFO = YES;
				ONLY_ACTIVE_ARCH = YES;
				SDKROOT = iphoneos;
				SWIFT_OPTIMIZATION_LEVEL = "-Onone";
			};
			name = Debug;
		};
		05AB7AB819D53D0B00AE28E0 /* Release */ = {
			isa = XCBuildConfiguration;
			buildSettings = {
				ALWAYS_SEARCH_USER_PATHS = NO;
				CLANG_CXX_LANGUAGE_STANDARD = "gnu++0x";
				CLANG_CXX_LIBRARY = "libc++";
				CLANG_ENABLE_MODULES = YES;
				CLANG_ENABLE_OBJC_ARC = YES;
				CLANG_WARN_BOOL_CONVERSION = YES;
				CLANG_WARN_CONSTANT_CONVERSION = YES;
				CLANG_WARN_DIRECT_OBJC_ISA_USAGE = YES_ERROR;
				CLANG_WARN_EMPTY_BODY = YES;
				CLANG_WARN_ENUM_CONVERSION = YES;
				CLANG_WARN_INT_CONVERSION = YES;
				CLANG_WARN_OBJC_ROOT_CLASS = YES_ERROR;
				CLANG_WARN_UNREACHABLE_CODE = YES;
				CLANG_WARN__DUPLICATE_METHOD_MATCH = YES;
				"CODE_SIGN_IDENTITY[sdk=iphoneos*]" = "iPhone Developer";
				COPY_PHASE_STRIP = YES;
				ENABLE_NS_ASSERTIONS = NO;
				ENABLE_STRICT_OBJC_MSGSEND = YES;
				GCC_C_LANGUAGE_STANDARD = gnu99;
				GCC_WARN_64_TO_32_BIT_CONVERSION = YES;
				GCC_WARN_ABOUT_RETURN_TYPE = YES_ERROR;
				GCC_WARN_UNDECLARED_SELECTOR = YES;
				GCC_WARN_UNINITIALIZED_AUTOS = YES_AGGRESSIVE;
				GCC_WARN_UNUSED_FUNCTION = YES;
				GCC_WARN_UNUSED_VARIABLE = YES;
				IPHONEOS_DEPLOYMENT_TARGET = 8.0;
				MTL_ENABLE_DEBUG_INFO = NO;
				SDKROOT = iphoneos;
				VALIDATE_PRODUCT = YES;
			};
			name = Release;
		};
		05AB7ABA19D53D0B00AE28E0 /* Debug */ = {
			isa = XCBuildConfiguration;
			buildSettings = {
				ASSETCATALOG_COMPILER_APPICON_NAME = AppIcon;
				ASSETCATALOG_COMPILER_LAUNCHIMAGE_NAME = LaunchImage;
				INFOPLIST_FILE = InputName/Info.plist;
				LD_RUNPATH_SEARCH_PATHS = "$(inherited) @executable_path/Frameworks";
				PRODUCT_NAME = "$(TARGET_NAME)";
			};
			name = Debug;
		};
		05AB7ABB19D53D0B00AE28E0 /* Release */ = {
			isa = XCBuildConfiguration;
			buildSettings = {
				ASSETCATALOG_COMPILER_APPICON_NAME = AppIcon;
				ASSETCATALOG_COMPILER_LAUNCHIMAGE_NAME = LaunchImage;
				INFOPLIST_FILE = InputName/Info.plist;
				LD_RUNPATH_SEARCH_PATHS = "$(inherited) @executable_path/Frameworks";
				PRODUCT_NAME = "$(TARGET_NAME)";
			};
			name = Release;
		};
		05AB7ABD19D53D0B00AE28E0 /* Debug */ = {
			isa = XCBuildConfiguration;
			buildSettings = {
				BUNDLE_LOADER = "$(TEST_HOST)";
				FRAMEWORK_SEARCH_PATHS = (
					"$(SDKROOT)/Developer/Library/Frameworks",
					"$(inherited)",
				);
				GCC_PREPROCESSOR_DEFINITIONS = (
					"DEBUG=1",
					"$(inherited)",
				);
				INFOPLIST_FILE = InputNameTests/Info.plist;
				LD_RUNPATH_SEARCH_PATHS = "$(inherited) @executable_path/Frameworks @loader_path/Frameworks";
				PRODUCT_NAME = "$(TARGET_NAME)";
				TEST_HOST = "$(BUILT_PRODUCTS_DIR)/InputName.app/InputName";
			};
			name = Debug;
		};
		05AB7ABE19D53D0B00AE28E0 /* Release */ = {
			isa = XCBuildConfiguration;
			buildSettings = {
				BUNDLE_LOADER = "$(TEST_HOST)";
				FRAMEWORK_SEARCH_PATHS = (
					"$(SDKROOT)/Developer/Library/Frameworks",
					"$(inherited)",
				);
				INFOPLIST_FILE = InputNameTests/Info.plist;
				LD_RUNPATH_SEARCH_PATHS = "$(inherited) @executable_path/Frameworks @loader_path/Frameworks";
				PRODUCT_NAME = "$(TARGET_NAME)";
				TEST_HOST = "$(BUILT_PRODUCTS_DIR)/InputName.app/InputName";
			};
			name = Release;
		};
/* End XCBuildConfiguration section */

/* Begin XCConfigurationList section */
		05AB7A9819D53D0B00AE28E0 /* Build configuration list for PBXProject "InputName" */ = {
			isa = XCConfigurationList;
			buildConfigurations = (
				05AB7AB719D53D0B00AE28E0 /* Debug */,
				05AB7AB819D53D0B00AE28E0 /* Release */,
			);
			defaultConfigurationIsVisible = 0;
			defaultConfigurationName = Release;
		};
		05AB7AB919D53D0B00AE28E0 /* Build configuration list for PBXNativeTarget "InputName" */ = {
			isa = XCConfigurationList;
			buildConfigurations = (
				05AB7ABA19D53D0B00AE28E0 /* Debug */,
				05AB7ABB19D53D0B00AE28E0 /* Release */,
			);
			defaultConfigurationIsVisible = 0;
		};
		05AB7ABC19D53D0B00AE28E0 /* Build configuration list for PBXNativeTarget "InputNameTests" */ = {
			isa = XCConfigurationList;
			buildConfigurations = (
				05AB7ABD19D53D0B00AE28E0 /* Debug */,
				05AB7ABE19D53D0B00AE28E0 /* Release */,
			);
			defaultConfigurationIsVisible = 0;
		};
/* End XCConfigurationList section */
	};
	rootObject = 05AB7A9519D53D0B00AE28E0 /* Project object */;
}
