// !$*UTF8*$!
{
	archiveVersion = 1;
	classes = {
	};
	objectVersion = 46;
	objects = {

/* Begin PBXBuildFile section */
		0519EE2619D2B4E800A13A27 /* AppDelegate.swift in Sources */ = {isa = PBXBuildFile; fileRef = 0519EE2519D2B4E800A13A27 /* AppDelegate.swift */; };
		0519EE2819D2B4E800A13A27 /* ViewController.swift in Sources */ = {isa = PBXBuildFile; fileRef = 0519EE2719D2B4E800A13A27 /* ViewController.swift */; };
		0519EE2B19D2B4E800A13A27 /* Main.storyboard in Resources */ = {isa = PBXBuildFile; fileRef = 0519EE2919D2B4E800A13A27 /* Main.storyboard */; };
		0519EE2D19D2B4E800A13A27 /* Images.xcassets in Resources */ = {isa = PBXBuildFile; fileRef = 0519EE2C19D2B4E800A13A27 /* Images.xcassets */; };
		0519EE3919D2B4E800A13A27 /* IOS8SwiftPrototypeCellsTests.swift in Sources */ = {isa = PBXBuildFile; fileRef = 0519EE3819D2B4E800A13A27 /* IOS8SwiftPrototypeCellsTests.swift */; };
/* End PBXBuildFile section */

/* Begin PBXContainerItemProxy section */
		0519EE3319D2B4E800A13A27 /* PBXContainerItemProxy */ = {
			isa = PBXContainerItemProxy;
			containerPortal = 0519EE1819D2B4E800A13A27 /* Project object */;
			proxyType = 1;
			remoteGlobalIDString = 0519EE1F19D2B4E800A13A27;
			remoteInfo = IOS8SwiftPrototypeCells;
		};
/* End PBXContainerItemProxy section */

/* Begin PBXFileReference section */
		0519EE2019D2B4E800A13A27 /* IOS8SwiftPrototypeCells.app */ = {isa = PBXFileReference; explicitFileType = wrapper.application; includeInIndex = 0; path = IOS8SwiftPrototypeCells.app; sourceTree = BUILT_PRODUCTS_DIR; };
		0519EE2419D2B4E800A13A27 /* Info.plist */ = {isa = PBXFileReference; lastKnownFileType = text.plist.xml; path = Info.plist; sourceTree = "<group>"; };
		0519EE2519D2B4E800A13A27 /* AppDelegate.swift */ = {isa = PBXFileReference; lastKnownFileType = sourcecode.swift; path = AppDelegate.swift; sourceTree = "<group>"; };
		0519EE2719D2B4E800A13A27 /* ViewController.swift */ = {isa = PBXFileReference; lastKnownFileType = sourcecode.swift; path = ViewController.swift; sourceTree = "<group>"; };
		0519EE2A19D2B4E800A13A27 /* Base */ = {isa = PBXFileReference; lastKnownFileType = file.storyboard; name = Base; path = Base.lproj/Main.storyboard; sourceTree = "<group>"; };
		0519EE2C19D2B4E800A13A27 /* Images.xcassets */ = {isa = PBXFileReference; lastKnownFileType = folder.assetcatalog; path = Images.xcassets; sourceTree = "<group>"; };
		0519EE3219D2B4E800A13A27 /* IOS8SwiftPrototypeCellsTests.xctest */ = {isa = PBXFileReference; explicitFileType = wrapper.cfbundle; includeInIndex = 0; path = IOS8SwiftPrototypeCellsTests.xctest; sourceTree = BUILT_PRODUCTS_DIR; };
		0519EE3719D2B4E800A13A27 /* Info.plist */ = {isa = PBXFileReference; lastKnownFileType = text.plist.xml; path = Info.plist; sourceTree = "<group>"; };
		0519EE3819D2B4E800A13A27 /* IOS8SwiftPrototypeCellsTests.swift */ = {isa = PBXFileReference; lastKnownFileType = sourcecode.swift; path = IOS8SwiftPrototypeCellsTests.swift; sourceTree = "<group>"; };
/* End PBXFileReference section */

/* Begin PBXFrameworksBuildPhase section */
		0519EE1D19D2B4E800A13A27 /* Frameworks */ = {
			isa = PBXFrameworksBuildPhase;
			buildActionMask = 2147483647;
			files = (
			);
			runOnlyForDeploymentPostprocessing = 0;
		};
		0519EE2F19D2B4E800A13A27 /* Frameworks */ = {
			isa = PBXFrameworksBuildPhase;
			buildActionMask = 2147483647;
			files = (
			);
			runOnlyForDeploymentPostprocessing = 0;
		};
/* End PBXFrameworksBuildPhase section */

/* Begin PBXGroup section */
		0519EE1719D2B4E800A13A27 = {
			isa = PBXGroup;
			children = (
				0519EE2219D2B4E800A13A27 /* IOS8SwiftPrototypeCells */,
				0519EE3519D2B4E800A13A27 /* IOS8SwiftPrototypeCellsTests */,
				0519EE2119D2B4E800A13A27 /* Products */,
			);
			sourceTree = "<group>";
		};
		0519EE2119D2B4E800A13A27 /* Products */ = {
			isa = PBXGroup;
			children = (
				0519EE2019D2B4E800A13A27 /* IOS8SwiftPrototypeCells.app */,
				0519EE3219D2B4E800A13A27 /* IOS8SwiftPrototypeCellsTests.xctest */,
			);
			name = Products;
			sourceTree = "<group>";
		};
		0519EE2219D2B4E800A13A27 /* IOS8SwiftPrototypeCells */ = {
			isa = PBXGroup;
			children = (
				0519EE2519D2B4E800A13A27 /* AppDelegate.swift */,
				0519EE2719D2B4E800A13A27 /* ViewController.swift */,
				0519EE2919D2B4E800A13A27 /* Main.storyboard */,
				0519EE2C19D2B4E800A13A27 /* Images.xcassets */,
				0519EE2319D2B4E800A13A27 /* Supporting Files */,
			);
			path = IOS8SwiftPrototypeCells;
			sourceTree = "<group>";
		};
		0519EE2319D2B4E800A13A27 /* Supporting Files */ = {
			isa = PBXGroup;
			children = (
				0519EE2419D2B4E800A13A27 /* Info.plist */,
			);
			name = "Supporting Files";
			sourceTree = "<group>";
		};
		0519EE3519D2B4E800A13A27 /* IOS8SwiftPrototypeCellsTests */ = {
			isa = PBXGroup;
			children = (
				0519EE3819D2B4E800A13A27 /* IOS8SwiftPrototypeCellsTests.swift */,
				0519EE3619D2B4E800A13A27 /* Supporting Files */,
			);
			path = IOS8SwiftPrototypeCellsTests;
			sourceTree = "<group>";
		};
		0519EE3619D2B4E800A13A27 /* Supporting Files */ = {
			isa = PBXGroup;
			children = (
				0519EE3719D2B4E800A13A27 /* Info.plist */,
			);
			name = "Supporting Files";
			sourceTree = "<group>";
		};
/* End PBXGroup section */

/* Begin PBXNativeTarget section */
		0519EE1F19D2B4E800A13A27 /* IOS8SwiftPrototypeCells */ = {
			isa = PBXNativeTarget;
			buildConfigurationList = 0519EE3C19D2B4E800A13A27 /* Build configuration list for PBXNativeTarget "IOS8SwiftPrototypeCells" */;
			buildPhases = (
				0519EE1C19D2B4E800A13A27 /* Sources */,
				0519EE1D19D2B4E800A13A27 /* Frameworks */,
				0519EE1E19D2B4E800A13A27 /* Resources */,
			);
			buildRules = (
			);
			dependencies = (
			);
			name = IOS8SwiftPrototypeCells;
			productName = IOS8SwiftPrototypeCells;
			productReference = 0519EE2019D2B4E800A13A27 /* IOS8SwiftPrototypeCells.app */;
			productType = "com.apple.product-type.application";
		};
		0519EE3119D2B4E800A13A27 /* IOS8SwiftPrototypeCellsTests */ = {
			isa = PBXNativeTarget;
			buildConfigurationList = 0519EE3F19D2B4E800A13A27 /* Build configuration list for PBXNativeTarget "IOS8SwiftPrototypeCellsTests" */;
			buildPhases = (
				0519EE2E19D2B4E800A13A27 /* Sources */,
				0519EE2F19D2B4E800A13A27 /* Frameworks */,
				0519EE3019D2B4E800A13A27 /* Resources */,
			);
			buildRules = (
			);
			dependencies = (
				0519EE3419D2B4E800A13A27 /* PBXTargetDependency */,
			);
			name = IOS8SwiftPrototypeCellsTests;
			productName = IOS8SwiftPrototypeCellsTests;
			productReference = 0519EE3219D2B4E800A13A27 /* IOS8SwiftPrototypeCellsTests.xctest */;
			productType = "com.apple.product-type.bundle.unit-test";
		};
/* End PBXNativeTarget section */

/* Begin PBXProject section */
		0519EE1819D2B4E800A13A27 /* Project object */ = {
			isa = PBXProject;
			attributes = {
				LastUpgradeCheck = 0600;
				ORGANIZATIONNAME = Chatchai;
				TargetAttributes = {
					0519EE1F19D2B4E800A13A27 = {
						CreatedOnToolsVersion = 6.0;
					};
					0519EE3119D2B4E800A13A27 = {
						CreatedOnToolsVersion = 6.0;
						TestTargetID = 0519EE1F19D2B4E800A13A27;
					};
				};
			};
			buildConfigurationList = 0519EE1B19D2B4E800A13A27 /* Build configuration list for PBXProject "IOS8SwiftPrototypeCells" */;
			compatibilityVersion = "Xcode 3.2";
			developmentRegion = English;
			hasScannedForEncodings = 0;
			knownRegions = (
				en,
				Base,
			);
			mainGroup = 0519EE1719D2B4E800A13A27;
			productRefGroup = 0519EE2119D2B4E800A13A27 /* Products */;
			projectDirPath = "";
			projectRoot = "";
			targets = (
				0519EE1F19D2B4E800A13A27 /* IOS8SwiftPrototypeCells */,
				0519EE3119D2B4E800A13A27 /* IOS8SwiftPrototypeCellsTests */,
			);
		};
/* End PBXProject section */

/* Begin PBXResourcesBuildPhase section */
		0519EE1E19D2B4E800A13A27 /* Resources */ = {
			isa = PBXResourcesBuildPhase;
			buildActionMask = 2147483647;
			files = (
				0519EE2B19D2B4E800A13A27 /* Main.storyboard in Resources */,
				0519EE2D19D2B4E800A13A27 /* Images.xcassets in Resources */,
			);
			runOnlyForDeploymentPostprocessing = 0;
		};
		0519EE3019D2B4E800A13A27 /* Resources */ = {
			isa = PBXResourcesBuildPhase;
			buildActionMask = 2147483647;
			files = (
			);
			runOnlyForDeploymentPostprocessing = 0;
		};
/* End PBXResourcesBuildPhase section */

/* Begin PBXSourcesBuildPhase section */
		0519EE1C19D2B4E800A13A27 /* Sources */ = {
			isa = PBXSourcesBuildPhase;
			buildActionMask = 2147483647;
			files = (
				0519EE2819D2B4E800A13A27 /* ViewController.swift in Sources */,
				0519EE2619D2B4E800A13A27 /* AppDelegate.swift in Sources */,
			);
			runOnlyForDeploymentPostprocessing = 0;
		};
		0519EE2E19D2B4E800A13A27 /* Sources */ = {
			isa = PBXSourcesBuildPhase;
			buildActionMask = 2147483647;
			files = (
				0519EE3919D2B4E800A13A27 /* IOS8SwiftPrototypeCellsTests.swift in Sources */,
			);
			runOnlyForDeploymentPostprocessing = 0;
		};
/* End PBXSourcesBuildPhase section */

/* Begin PBXTargetDependency section */
		0519EE3419D2B4E800A13A27 /* PBXTargetDependency */ = {
			isa = PBXTargetDependency;
			target = 0519EE1F19D2B4E800A13A27 /* IOS8SwiftPrototypeCells */;
			targetProxy = 0519EE3319D2B4E800A13A27 /* PBXContainerItemProxy */;
		};
/* End PBXTargetDependency section */

/* Begin PBXVariantGroup section */
		0519EE2919D2B4E800A13A27 /* Main.storyboard */ = {
			isa = PBXVariantGroup;
			children = (
				0519EE2A19D2B4E800A13A27 /* Base */,
			);
			name = Main.storyboard;
			sourceTree = "<group>";
		};
/* End PBXVariantGroup section */

/* Begin XCBuildConfiguration section */
		0519EE3A19D2B4E800A13A27 /* Debug */ = {
			isa = XCBuildConfiguration;
			buildSettings = {
				ALWAYS_SEARCH_USER_PATHS = NO;
				CLANG_CXX_LANGUAGE_STANDARD = "gnu++0x";
				CLANG_CXX_LIBRARY = "libc++";
				CLANG_ENABLE_MODULES = YES;
				CLANG_ENABLE_OBJC_ARC = YES;
				CLANG_WARN_BOOL_CONVERSION = YES;
				CLANG_WARN_CONSTANT_CONVERSION = YES;
				CLANG_WARN_DIRECT_OBJC_ISA_USAGE = YES_ERROR;
				CLANG_WARN_EMPTY_BODY = YES;
				CLANG_WARN_ENUM_CONVERSION = YES;
				CLANG_WARN_INT_CONVERSION = YES;
				CLANG_WARN_OBJC_ROOT_CLASS = YES_ERROR;
				CLANG_WARN_UNREACHABLE_CODE = YES;
				CLANG_WARN__DUPLICATE_METHOD_MATCH = YES;
				"CODE_SIGN_IDENTITY[sdk=iphoneos*]" = "iPhone Developer";
				COPY_PHASE_STRIP = NO;
				ENABLE_STRICT_OBJC_MSGSEND = YES;
				GCC_C_LANGUAGE_STANDARD = gnu99;
				GCC_DYNAMIC_NO_PIC = NO;
				GCC_OPTIMIZATION_LEVEL = 0;
				GCC_PREPROCESSOR_DEFINITIONS = (
					"DEBUG=1",
					"$(inherited)",
				);
				GCC_SYMBOLS_PRIVATE_EXTERN = NO;
				GCC_WARN_64_TO_32_BIT_CONVERSION = YES;
				GCC_WARN_ABOUT_RETURN_TYPE = YES_ERROR;
				GCC_WARN_UNDECLARED_SELECTOR = YES;
				GCC_WARN_UNINITIALIZED_AUTOS = YES_AGGRESSIVE;
				GCC_WARN_UNUSED_FUNCTION = YES;
				GCC_WARN_UNUSED_VARIABLE = YES;
				IPHONEOS_DEPLOYMENT_TARGET = 8.0;
				MTL_ENABLE_DEBUG_INFO = YES;
				ONLY_ACTIVE_ARCH = YES;
				SDKROOT = iphoneos;
				SWIFT_OPTIMIZATION_LEVEL = "-Onone";
			};
			name = Debug;
		};
		0519EE3B19D2B4E800A13A27 /* Release */ = {
			isa = XCBuildConfiguration;
			buildSettings = {
				ALWAYS_SEARCH_USER_PATHS = NO;
				CLANG_CXX_LANGUAGE_STANDARD = "gnu++0x";
				CLANG_CXX_LIBRARY = "libc++";
				CLANG_ENABLE_MODULES = YES;
				CLANG_ENABLE_OBJC_ARC = YES;
				CLANG_WARN_BOOL_CONVERSION = YES;
				CLANG_WARN_CONSTANT_CONVERSION = YES;
				CLANG_WARN_DIRECT_OBJC_ISA_USAGE = YES_ERROR;
				CLANG_WARN_EMPTY_BODY = YES;
				CLANG_WARN_ENUM_CONVERSION = YES;
				CLANG_WARN_INT_CONVERSION = YES;
				CLANG_WARN_OBJC_ROOT_CLASS = YES_ERROR;
				CLANG_WARN_UNREACHABLE_CODE = YES;
				CLANG_WARN__DUPLICATE_METHOD_MATCH = YES;
				"CODE_SIGN_IDENTITY[sdk=iphoneos*]" = "iPhone Developer";
				COPY_PHASE_STRIP = YES;
				ENABLE_NS_ASSERTIONS = NO;
				ENABLE_STRICT_OBJC_MSGSEND = YES;
				GCC_C_LANGUAGE_STANDARD = gnu99;
				GCC_WARN_64_TO_32_BIT_CONVERSION = YES;
				GCC_WARN_ABOUT_RETURN_TYPE = YES_ERROR;
				GCC_WARN_UNDECLARED_SELECTOR = YES;
				GCC_WARN_UNINITIALIZED_AUTOS = YES_AGGRESSIVE;
				GCC_WARN_UNUSED_FUNCTION = YES;
				GCC_WARN_UNUSED_VARIABLE = YES;
				IPHONEOS_DEPLOYMENT_TARGET = 8.0;
				MTL_ENABLE_DEBUG_INFO = NO;
				SDKROOT = iphoneos;
				VALIDATE_PRODUCT = YES;
			};
			name = Release;
		};
		0519EE3D19D2B4E800A13A27 /* Debug */ = {
			isa = XCBuildConfiguration;
			buildSettings = {
				ASSETCATALOG_COMPILER_APPICON_NAME = AppIcon;
				ASSETCATALOG_COMPILER_LAUNCHIMAGE_NAME = LaunchImage;
				INFOPLIST_FILE = IOS8SwiftPrototypeCells/Info.plist;
				LD_RUNPATH_SEARCH_PATHS = "$(inherited) @executable_path/Frameworks";
				PRODUCT_NAME = "$(TARGET_NAME)";
			};
			name = Debug;
		};
		0519EE3E19D2B4E800A13A27 /* Release */ = {
			isa = XCBuildConfiguration;
			buildSettings = {
				ASSETCATALOG_COMPILER_APPICON_NAME = AppIcon;
				ASSETCATALOG_COMPILER_LAUNCHIMAGE_NAME = LaunchImage;
				INFOPLIST_FILE = IOS8SwiftPrototypeCells/Info.plist;
				LD_RUNPATH_SEARCH_PATHS = "$(inherited) @executable_path/Frameworks";
				PRODUCT_NAME = "$(TARGET_NAME)";
			};
			name = Release;
		};
		0519EE4019D2B4E800A13A27 /* Debug */ = {
			isa = XCBuildConfiguration;
			buildSettings = {
				BUNDLE_LOADER = "$(TEST_HOST)";
				FRAMEWORK_SEARCH_PATHS = (
					"$(SDKROOT)/Developer/Library/Frameworks",
					"$(inherited)",
				);
				GCC_PREPROCESSOR_DEFINITIONS = (
					"DEBUG=1",
					"$(inherited)",
				);
				INFOPLIST_FILE = IOS8SwiftPrototypeCellsTests/Info.plist;
				LD_RUNPATH_SEARCH_PATHS = "$(inherited) @executable_path/Frameworks @loader_path/Frameworks";
				PRODUCT_NAME = "$(TARGET_NAME)";
				TEST_HOST = "$(BUILT_PRODUCTS_DIR)/IOS8SwiftPrototypeCells.app/IOS8SwiftPrototypeCells";
			};
			name = Debug;
		};
		0519EE4119D2B4E800A13A27 /* Release */ = {
			isa = XCBuildConfiguration;
			buildSettings = {
				BUNDLE_LOADER = "$(TEST_HOST)";
				FRAMEWORK_SEARCH_PATHS = (
					"$(SDKROOT)/Developer/Library/Frameworks",
					"$(inherited)",
				);
				INFOPLIST_FILE = IOS8SwiftPrototypeCellsTests/Info.plist;
				LD_RUNPATH_SEARCH_PATHS = "$(inherited) @executable_path/Frameworks @loader_path/Frameworks";
				PRODUCT_NAME = "$(TARGET_NAME)";
				TEST_HOST = "$(BUILT_PRODUCTS_DIR)/IOS8SwiftPrototypeCells.app/IOS8SwiftPrototypeCells";
			};
			name = Release;
		};
/* End XCBuildConfiguration section */

/* Begin XCConfigurationList section */
		0519EE1B19D2B4E800A13A27 /* Build configuration list for PBXProject "IOS8SwiftPrototypeCells" */ = {
			isa = XCConfigurationList;
			buildConfigurations = (
				0519EE3A19D2B4E800A13A27 /* Debug */,
				0519EE3B19D2B4E800A13A27 /* Release */,
			);
			defaultConfigurationIsVisible = 0;
			defaultConfigurationName = Release;
		};
		0519EE3C19D2B4E800A13A27 /* Build configuration list for PBXNativeTarget "IOS8SwiftPrototypeCells" */ = {
			isa = XCConfigurationList;
			buildConfigurations = (
				0519EE3D19D2B4E800A13A27 /* Debug */,
				0519EE3E19D2B4E800A13A27 /* Release */,
			);
			defaultConfigurationIsVisible = 0;
		};
		0519EE3F19D2B4E800A13A27 /* Build configuration list for PBXNativeTarget "IOS8SwiftPrototypeCellsTests" */ = {
			isa = XCConfigurationList;
			buildConfigurations = (
				0519EE4019D2B4E800A13A27 /* Debug */,
				0519EE4119D2B4E800A13A27 /* Release */,
			);
			defaultConfigurationIsVisible = 0;
		};
/* End XCConfigurationList section */
	};
	rootObject = 0519EE1819D2B4E800A13A27 /* Project object */;
}
