// !$*UTF8*$!
{
	archiveVersion = 1;
	classes = {
	};
	objectVersion = 46;
	objects = {

/* Begin PBXBuildFile section */
		05D59AC61A0CB78500B7790E /* AppDelegate.swift in Sources */ = {isa = PBXBuildFile; fileRef = 05D59AC51A0CB78500B7790E /* AppDelegate.swift */; };
		05D59AC81A0CB78500B7790E /* ViewController.swift in Sources */ = {isa = PBXBuildFile; fileRef = 05D59AC71A0CB78500B7790E /* ViewController.swift */; };
		05D59ACB1A0CB78500B7790E /* Main.storyboard in Resources */ = {isa = PBXBuildFile; fileRef = 05D59AC91A0CB78500B7790E /* Main.storyboard */; };
		05D59ACD1A0CB78500B7790E /* Images.xcassets in Resources */ = {isa = PBXBuildFile; fileRef = 05D59ACC1A0CB78500B7790E /* Images.xcassets */; };
		05D59AD01A0CB78500B7790E /* LaunchScreen.xib in Resources */ = {isa = PBXBuildFile; fileRef = 05D59ACE1A0CB78500B7790E /* LaunchScreen.xib */; };
		05D59ADC1A0CB78600B7790E /* AnimationsTwoTests.swift in Sources */ = {isa = PBXBuildFile; fileRef = 05D59ADB1A0CB78600B7790E /* AnimationsTwoTests.swift */; };
/* End PBXBuildFile section */

/* Begin PBXContainerItemProxy section */
		05D59AD61A0CB78500B7790E /* PBXContainerItemProxy */ = {
			isa = PBXContainerItemProxy;
			containerPortal = 05D59AB81A0CB78500B7790E /* Project object */;
			proxyType = 1;
			remoteGlobalIDString = 05D59ABF1A0CB78500B7790E;
			remoteInfo = AnimationsTwo;
		};
/* End PBXContainerItemProxy section */

/* Begin PBXFileReference section */
		05D59AC01A0CB78500B7790E /* AnimationsTwo.app */ = {isa = PBXFileReference; explicitFileType = wrapper.application; includeInIndex = 0; path = AnimationsTwo.app; sourceTree = BUILT_PRODUCTS_DIR; };
		05D59AC41A0CB78500B7790E /* Info.plist */ = {isa = PBXFileReference; lastKnownFileType = text.plist.xml; path = Info.plist; sourceTree = "<group>"; };
		05D59AC51A0CB78500B7790E /* AppDelegate.swift */ = {isa = PBXFileReference; lastKnownFileType = sourcecode.swift; path = AppDelegate.swift; sourceTree = "<group>"; };
		05D59AC71A0CB78500B7790E /* ViewController.swift */ = {isa = PBXFileReference; lastKnownFileType = sourcecode.swift; path = ViewController.swift; sourceTree = "<group>"; };
		05D59ACA1A0CB78500B7790E /* Base */ = {isa = PBXFileReference; lastKnownFileType = file.storyboard; name = Base; path = Base.lproj/Main.storyboard; sourceTree = "<group>"; };
		05D59ACC1A0CB78500B7790E /* Images.xcassets */ = {isa = PBXFileReference; lastKnownFileType = folder.assetcatalog; path = Images.xcassets; sourceTree = "<group>"; };
		05D59ACF1A0CB78500B7790E /* Base */ = {isa = PBXFileReference; lastKnownFileType = file.xib; name = Base; path = Base.lproj/LaunchScreen.xib; sourceTree = "<group>"; };
		05D59AD51A0CB78500B7790E /* AnimationsTwoTests.xctest */ = {isa = PBXFileReference; explicitFileType = wrapper.cfbundle; includeInIndex = 0; path = AnimationsTwoTests.xctest; sourceTree = BUILT_PRODUCTS_DIR; };
		05D59ADA1A0CB78600B7790E /* Info.plist */ = {isa = PBXFileReference; lastKnownFileType = text.plist.xml; path = Info.plist; sourceTree = "<group>"; };
		05D59ADB1A0CB78600B7790E /* AnimationsTwoTests.swift */ = {isa = PBXFileReference; lastKnownFileType = sourcecode.swift; path = AnimationsTwoTests.swift; sourceTree = "<group>"; };
/* End PBXFileReference section */

/* Begin PBXFrameworksBuildPhase section */
		05D59ABD1A0CB78500B7790E /* Frameworks */ = {
			isa = PBXFrameworksBuildPhase;
			buildActionMask = 2147483647;
			files = (
			);
			runOnlyForDeploymentPostprocessing = 0;
		};
		05D59AD21A0CB78500B7790E /* Frameworks */ = {
			isa = PBXFrameworksBuildPhase;
			buildActionMask = 2147483647;
			files = (
			);
			runOnlyForDeploymentPostprocessing = 0;
		};
/* End PBXFrameworksBuildPhase section */

/* Begin PBXGroup section */
		05D59AB71A0CB78500B7790E = {
			isa = PBXGroup;
			children = (
				05D59AC21A0CB78500B7790E /* AnimationsTwo */,
				05D59AD81A0CB78500B7790E /* AnimationsTwoTests */,
				05D59AC11A0CB78500B7790E /* Products */,
			);
			sourceTree = "<group>";
		};
		05D59AC11A0CB78500B7790E /* Products */ = {
			isa = PBXGroup;
			children = (
				05D59AC01A0CB78500B7790E /* AnimationsTwo.app */,
				05D59AD51A0CB78500B7790E /* AnimationsTwoTests.xctest */,
			);
			name = Products;
			sourceTree = "<group>";
		};
		05D59AC21A0CB78500B7790E /* AnimationsTwo */ = {
			isa = PBXGroup;
			children = (
				05D59AC51A0CB78500B7790E /* AppDelegate.swift */,
				05D59AC71A0CB78500B7790E /* ViewController.swift */,
				05D59AC91A0CB78500B7790E /* Main.storyboard */,
				05D59ACC1A0CB78500B7790E /* Images.xcassets */,
				05D59ACE1A0CB78500B7790E /* LaunchScreen.xib */,
				05D59AC31A0CB78500B7790E /* Supporting Files */,
			);
			path = AnimationsTwo;
			sourceTree = "<group>";
		};
		05D59AC31A0CB78500B7790E /* Supporting Files */ = {
			isa = PBXGroup;
			children = (
				05D59AC41A0CB78500B7790E /* Info.plist */,
			);
			name = "Supporting Files";
			sourceTree = "<group>";
		};
		05D59AD81A0CB78500B7790E /* AnimationsTwoTests */ = {
			isa = PBXGroup;
			children = (
				05D59ADB1A0CB78600B7790E /* AnimationsTwoTests.swift */,
				05D59AD91A0CB78600B7790E /* Supporting Files */,
			);
			path = AnimationsTwoTests;
			sourceTree = "<group>";
		};
		05D59AD91A0CB78600B7790E /* Supporting Files */ = {
			isa = PBXGroup;
			children = (
				05D59ADA1A0CB78600B7790E /* Info.plist */,
			);
			name = "Supporting Files";
			sourceTree = "<group>";
		};
/* End PBXGroup section */

/* Begin PBXNativeTarget section */
		05D59ABF1A0CB78500B7790E /* AnimationsTwo */ = {
			isa = PBXNativeTarget;
			buildConfigurationList = 05D59ADF1A0CB78600B7790E /* Build configuration list for PBXNativeTarget "AnimationsTwo" */;
			buildPhases = (
				05D59ABC1A0CB78500B7790E /* Sources */,
				05D59ABD1A0CB78500B7790E /* Frameworks */,
				05D59ABE1A0CB78500B7790E /* Resources */,
			);
			buildRules = (
			);
			dependencies = (
			);
			name = AnimationsTwo;
			productName = AnimationsTwo;
			productReference = 05D59AC01A0CB78500B7790E /* AnimationsTwo.app */;
			productType = "com.apple.product-type.application";
		};
		05D59AD41A0CB78500B7790E /* AnimationsTwoTests */ = {
			isa = PBXNativeTarget;
			buildConfigurationList = 05D59AE21A0CB78600B7790E /* Build configuration list for PBXNativeTarget "AnimationsTwoTests" */;
			buildPhases = (
				05D59AD11A0CB78500B7790E /* Sources */,
				05D59AD21A0CB78500B7790E /* Frameworks */,
				05D59AD31A0CB78500B7790E /* Resources */,
			);
			buildRules = (
			);
			dependencies = (
				05D59AD71A0CB78500B7790E /* PBXTargetDependency */,
			);
			name = AnimationsTwoTests;
			productName = AnimationsTwoTests;
			productReference = 05D59AD51A0CB78500B7790E /* AnimationsTwoTests.xctest */;
			productType = "com.apple.product-type.bundle.unit-test";
		};
/* End PBXNativeTarget section */

/* Begin PBXProject section */
		05D59AB81A0CB78500B7790E /* Project object */ = {
			isa = PBXProject;
			attributes = {
				LastUpgradeCheck = 0610;
				ORGANIZATIONNAME = Chatchai;
				TargetAttributes = {
					05D59ABF1A0CB78500B7790E = {
						CreatedOnToolsVersion = 6.1;
						DevelopmentTeam = 9Y65PGJD79;
					};
					05D59AD41A0CB78500B7790E = {
						CreatedOnToolsVersion = 6.1;
						TestTargetID = 05D59ABF1A0CB78500B7790E;
					};
				};
			};
			buildConfigurationList = 05D59ABB1A0CB78500B7790E /* Build configuration list for PBXProject "AnimationsTwo" */;
			compatibilityVersion = "Xcode 3.2";
			developmentRegion = English;
			hasScannedForEncodings = 0;
			knownRegions = (
				en,
				Base,
			);
			mainGroup = 05D59AB71A0CB78500B7790E;
			productRefGroup = 05D59AC11A0CB78500B7790E /* Products */;
			projectDirPath = "";
			projectRoot = "";
			targets = (
				05D59ABF1A0CB78500B7790E /* AnimationsTwo */,
				05D59AD41A0CB78500B7790E /* AnimationsTwoTests */,
			);
		};
/* End PBXProject section */

/* Begin PBXResourcesBuildPhase section */
		05D59ABE1A0CB78500B7790E /* Resources */ = {
			isa = PBXResourcesBuildPhase;
			buildActionMask = 2147483647;
			files = (
				05D59ACB1A0CB78500B7790E /* Main.storyboard in Resources */,
				05D59AD01A0CB78500B7790E /* LaunchScreen.xib in Resources */,
				05D59ACD1A0CB78500B7790E /* Images.xcassets in Resources */,
			);
			runOnlyForDeploymentPostprocessing = 0;
		};
		05D59AD31A0CB78500B7790E /* Resources */ = {
			isa = PBXResourcesBuildPhase;
			buildActionMask = 2147483647;
			files = (
			);
			runOnlyForDeploymentPostprocessing = 0;
		};
/* End PBXResourcesBuildPhase section */

/* Begin PBXSourcesBuildPhase section */
		05D59ABC1A0CB78500B7790E /* Sources */ = {
			isa = PBXSourcesBuildPhase;
			buildActionMask = 2147483647;
			files = (
				05D59AC81A0CB78500B7790E /* ViewController.swift in Sources */,
				05D59AC61A0CB78500B7790E /* AppDelegate.swift in Sources */,
			);
			runOnlyForDeploymentPostprocessing = 0;
		};
		05D59AD11A0CB78500B7790E /* Sources */ = {
			isa = PBXSourcesBuildPhase;
			buildActionMask = 2147483647;
			files = (
				05D59ADC1A0CB78600B7790E /* AnimationsTwoTests.swift in Sources */,
			);
			runOnlyForDeploymentPostprocessing = 0;
		};
/* End PBXSourcesBuildPhase section */

/* Begin PBXTargetDependency section */
		05D59AD71A0CB78500B7790E /* PBXTargetDependency */ = {
			isa = PBXTargetDependency;
			target = 05D59ABF1A0CB78500B7790E /* AnimationsTwo */;
			targetProxy = 05D59AD61A0CB78500B7790E /* PBXContainerItemProxy */;
		};
/* End PBXTargetDependency section */

/* Begin PBXVariantGroup section */
		05D59AC91A0CB78500B7790E /* Main.storyboard */ = {
			isa = PBXVariantGroup;
			children = (
				05D59ACA1A0CB78500B7790E /* Base */,
			);
			name = Main.storyboard;
			sourceTree = "<group>";
		};
		05D59ACE1A0CB78500B7790E /* LaunchScreen.xib */ = {
			isa = PBXVariantGroup;
			children = (
				05D59ACF1A0CB78500B7790E /* Base */,
			);
			name = LaunchScreen.xib;
			sourceTree = "<group>";
		};
/* End PBXVariantGroup section */

/* Begin XCBuildConfiguration section */
		05D59ADD1A0CB78600B7790E /* Debug */ = {
			isa = XCBuildConfiguration;
			buildSettings = {
				ALWAYS_SEARCH_USER_PATHS = NO;
				CLANG_CXX_LANGUAGE_STANDARD = "gnu++0x";
				CLANG_CXX_LIBRARY = "libc++";
				CLANG_ENABLE_MODULES = YES;
				CLANG_ENABLE_OBJC_ARC = YES;
				CLANG_WARN_BOOL_CONVERSION = YES;
				CLANG_WARN_CONSTANT_CONVERSION = YES;
				CLANG_WARN_DIRECT_OBJC_ISA_USAGE = YES_ERROR;
				CLANG_WARN_EMPTY_BODY = YES;
				CLANG_WARN_ENUM_CONVERSION = YES;
				CLANG_WARN_INT_CONVERSION = YES;
				CLANG_WARN_OBJC_ROOT_CLASS = YES_ERROR;
				CLANG_WARN_UNREACHABLE_CODE = YES;
				CLANG_WARN__DUPLICATE_METHOD_MATCH = YES;
				"CODE_SIGN_IDENTITY[sdk=iphoneos*]" = "iPhone Developer";
				COPY_PHASE_STRIP = NO;
				ENABLE_STRICT_OBJC_MSGSEND = YES;
				GCC_C_LANGUAGE_STANDARD = gnu99;
				GCC_DYNAMIC_NO_PIC = NO;
				GCC_OPTIMIZATION_LEVEL = 0;
				GCC_PREPROCESSOR_DEFINITIONS = (
					"DEBUG=1",
					"$(inherited)",
				);
				GCC_SYMBOLS_PRIVATE_EXTERN = NO;
				GCC_WARN_64_TO_32_BIT_CONVERSION = YES;
				GCC_WARN_ABOUT_RETURN_TYPE = YES_ERROR;
				GCC_WARN_UNDECLARED_SELECTOR = YES;
				GCC_WARN_UNINITIALIZED_AUTOS = YES_AGGRESSIVE;
				GCC_WARN_UNUSED_FUNCTION = YES;
				GCC_WARN_UNUSED_VARIABLE = YES;
				IPHONEOS_DEPLOYMENT_TARGET = 8.1;
				MTL_ENABLE_DEBUG_INFO = YES;
				ONLY_ACTIVE_ARCH = YES;
				SDKROOT = iphoneos;
				SWIFT_OPTIMIZATION_LEVEL = "-Onone";
			};
			name = Debug;
		};
		05D59ADE1A0CB78600B7790E /* Release */ = {
			isa = XCBuildConfiguration;
			buildSettings = {
				ALWAYS_SEARCH_USER_PATHS = NO;
				CLANG_CXX_LANGUAGE_STANDARD = "gnu++0x";
				CLANG_CXX_LIBRARY = "libc++";
				CLANG_ENABLE_MODULES = YES;
				CLANG_ENABLE_OBJC_ARC = YES;
				CLANG_WARN_BOOL_CONVERSION = YES;
				CLANG_WARN_CONSTANT_CONVERSION = YES;
				CLANG_WARN_DIRECT_OBJC_ISA_USAGE = YES_ERROR;
				CLANG_WARN_EMPTY_BODY = YES;
				CLANG_WARN_ENUM_CONVERSION = YES;
				CLANG_WARN_INT_CONVERSION = YES;
				CLANG_WARN_OBJC_ROOT_CLASS = YES_ERROR;
				CLANG_WARN_UNREACHABLE_CODE = YES;
				CLANG_WARN__DUPLICATE_METHOD_MATCH = YES;
				"CODE_SIGN_IDENTITY[sdk=iphoneos*]" = "iPhone Developer";
				COPY_PHASE_STRIP = YES;
				ENABLE_NS_ASSERTIONS = NO;
				ENABLE_STRICT_OBJC_MSGSEND = YES;
				GCC_C_LANGUAGE_STANDARD = gnu99;
				GCC_WARN_64_TO_32_BIT_CONVERSION = YES;
				GCC_WARN_ABOUT_RETURN_TYPE = YES_ERROR;
				GCC_WARN_UNDECLARED_SELECTOR = YES;
				GCC_WARN_UNINITIALIZED_AUTOS = YES_AGGRESSIVE;
				GCC_WARN_UNUSED_FUNCTION = YES;
				GCC_WARN_UNUSED_VARIABLE = YES;
				IPHONEOS_DEPLOYMENT_TARGET = 8.1;
				MTL_ENABLE_DEBUG_INFO = NO;
				SDKROOT = iphoneos;
				VALIDATE_PRODUCT = YES;
			};
			name = Release;
		};
		05D59AE01A0CB78600B7790E /* Debug */ = {
			isa = XCBuildConfiguration;
			buildSettings = {
				ASSETCATALOG_COMPILER_APPICON_NAME = AppIcon;
				INFOPLIST_FILE = AnimationsTwo/Info.plist;
				LD_RUNPATH_SEARCH_PATHS = "$(inherited) @executable_path/Frameworks";
				PRODUCT_NAME = "$(TARGET_NAME)";
			};
			name = Debug;
		};
		05D59AE11A0CB78600B7790E /* Release */ = {
			isa = XCBuildConfiguration;
			buildSettings = {
				ASSETCATALOG_COMPILER_APPICON_NAME = AppIcon;
				INFOPLIST_FILE = AnimationsTwo/Info.plist;
				LD_RUNPATH_SEARCH_PATHS = "$(inherited) @executable_path/Frameworks";
				PRODUCT_NAME = "$(TARGET_NAME)";
			};
			name = Release;
		};
		05D59AE31A0CB78600B7790E /* Debug */ = {
			isa = XCBuildConfiguration;
			buildSettings = {
				BUNDLE_LOADER = "$(TEST_HOST)";
				FRAMEWORK_SEARCH_PATHS = (
					"$(SDKROOT)/Developer/Library/Frameworks",
					"$(inherited)",
				);
				GCC_PREPROCESSOR_DEFINITIONS = (
					"DEBUG=1",
					"$(inherited)",
				);
				INFOPLIST_FILE = AnimationsTwoTests/Info.plist;
				LD_RUNPATH_SEARCH_PATHS = "$(inherited) @executable_path/Frameworks @loader_path/Frameworks";
				PRODUCT_NAME = "$(TARGET_NAME)";
				TEST_HOST = "$(BUILT_PRODUCTS_DIR)/AnimationsTwo.app/AnimationsTwo";
			};
			name = Debug;
		};
		05D59AE41A0CB78600B7790E /* Release */ = {
			isa = XCBuildConfiguration;
			buildSettings = {
				BUNDLE_LOADER = "$(TEST_HOST)";
				FRAMEWORK_SEARCH_PATHS = (
					"$(SDKROOT)/Developer/Library/Frameworks",
					"$(inherited)",
				);
				INFOPLIST_FILE = AnimationsTwoTests/Info.plist;
				LD_RUNPATH_SEARCH_PATHS = "$(inherited) @executable_path/Frameworks @loader_path/Frameworks";
				PRODUCT_NAME = "$(TARGET_NAME)";
				TEST_HOST = "$(BUILT_PRODUCTS_DIR)/AnimationsTwo.app/AnimationsTwo";
			};
			name = Release;
		};
/* End XCBuildConfiguration section */

/* Begin XCConfigurationList section */
		05D59ABB1A0CB78500B7790E /* Build configuration list for PBXProject "AnimationsTwo" */ = {
			isa = XCConfigurationList;
			buildConfigurations = (
				05D59ADD1A0CB78600B7790E /* Debug */,
				05D59ADE1A0CB78600B7790E /* Release */,
			);
			defaultConfigurationIsVisible = 0;
			defaultConfigurationName = Release;
		};
		05D59ADF1A0CB78600B7790E /* Build configuration list for PBXNativeTarget "AnimationsTwo" */ = {
			isa = XCConfigurationList;
			buildConfigurations = (
				05D59AE01A0CB78600B7790E /* Debug */,
				05D59AE11A0CB78600B7790E /* Release */,
			);
			defaultConfigurationIsVisible = 0;
			defaultConfigurationName = Release;
		};
		05D59AE21A0CB78600B7790E /* Build configuration list for PBXNativeTarget "AnimationsTwoTests" */ = {
			isa = XCConfigurationList;
			buildConfigurations = (
				05D59AE31A0CB78600B7790E /* Debug */,
				05D59AE41A0CB78600B7790E /* Release */,
			);
			defaultConfigurationIsVisible = 0;
			defaultConfigurationName = Release;
		};
/* End XCConfigurationList section */
	};
	rootObject = 05D59AB81A0CB78500B7790E /* Project object */;
}
