// !$*UTF8*$!
{
	archiveVersion = 1;
	classes = {
	};
	objectVersion = 46;
	objects = {

/* Begin PBXBuildFile section */
		3F60BF6419E7C1920030C35B /* AppDelegate.swift in Sources */ = {isa = PBXBuildFile; fileRef = 3F60BF6319E7C1920030C35B /* AppDelegate.swift */; };
		3F60BF6619E7C1920030C35B /* ViewController.swift in Sources */ = {isa = PBXBuildFile; fileRef = 3F60BF6519E7C1920030C35B /* ViewController.swift */; };
		3F60BF6919E7C1920030C35B /* Main.storyboard in Resources */ = {isa = PBXBuildFile; fileRef = 3F60BF6719E7C1920030C35B /* Main.storyboard */; };
		3F60BF6B19E7C1920030C35B /* Images.xcassets in Resources */ = {isa = PBXBuildFile; fileRef = 3F60BF6A19E7C1920030C35B /* Images.xcassets */; };
		3F60BF6E19E7C1920030C35B /* LaunchScreen.xib in Resources */ = {isa = PBXBuildFile; fileRef = 3F60BF6C19E7C1920030C35B /* LaunchScreen.xib */; };
		3F60BF7A19E7C1920030C35B /* Exam1_54011212057Tests.swift in Sources */ = {isa = PBXBuildFile; fileRef = 3F60BF7919E7C1920030C35B /* Exam1_54011212057Tests.swift */; };
		3F60BF8419E7C9F80030C35B /* button-24843_640.png in Resources */ = {isa = PBXBuildFile; fileRef = 3F60BF8319E7C9F80030C35B /* button-24843_640.png */; };
		3F60BF8619E7CB8E0030C35B /* 1216180030913975458milovanderlinden_Nice_orange_glowy_button.svg.hi.png in Resources */ = {isa = PBXBuildFile; fileRef = 3F60BF8519E7CB8E0030C35B /* 1216180030913975458milovanderlinden_Nice_orange_glowy_button.svg.hi.png */; };
/* End PBXBuildFile section */

/* Begin PBXContainerItemProxy section */
		3F60BF7419E7C1920030C35B /* PBXContainerItemProxy */ = {
			isa = PBXContainerItemProxy;
			containerPortal = 3F60BF5619E7C1920030C35B /* Project object */;
			proxyType = 1;
			remoteGlobalIDString = 3F60BF5D19E7C1920030C35B;
			remoteInfo = Exam1_54011212057;
		};
/* End PBXContainerItemProxy section */

/* Begin PBXFileReference section */
		3F60BF5E19E7C1920030C35B /* Exam1_54011212057.app */ = {isa = PBXFileReference; explicitFileType = wrapper.application; includeInIndex = 0; path = Exam1_54011212057.app; sourceTree = BUILT_PRODUCTS_DIR; };
		3F60BF6219E7C1920030C35B /* Info.plist */ = {isa = PBXFileReference; lastKnownFileType = text.plist.xml; path = Info.plist; sourceTree = "<group>"; };
		3F60BF6319E7C1920030C35B /* AppDelegate.swift */ = {isa = PBXFileReference; lastKnownFileType = sourcecode.swift; path = AppDelegate.swift; sourceTree = "<group>"; };
		3F60BF6519E7C1920030C35B /* ViewController.swift */ = {isa = PBXFileReference; lastKnownFileType = sourcecode.swift; path = ViewController.swift; sourceTree = "<group>"; };
		3F60BF6819E7C1920030C35B /* Base */ = {isa = PBXFileReference; lastKnownFileType = file.storyboard; name = Base; path = Base.lproj/Main.storyboard; sourceTree = "<group>"; };
		3F60BF6A19E7C1920030C35B /* Images.xcassets */ = {isa = PBXFileReference; lastKnownFileType = folder.assetcatalog; path = Images.xcassets; sourceTree = "<group>"; };
		3F60BF6D19E7C1920030C35B /* Base */ = {isa = PBXFileReference; lastKnownFileType = file.xib; name = Base; path = Base.lproj/LaunchScreen.xib; sourceTree = "<group>"; };
		3F60BF7319E7C1920030C35B /* Exam1_54011212057Tests.xctest */ = {isa = PBXFileReference; explicitFileType = wrapper.cfbundle; includeInIndex = 0; path = Exam1_54011212057Tests.xctest; sourceTree = BUILT_PRODUCTS_DIR; };
		3F60BF7819E7C1920030C35B /* Info.plist */ = {isa = PBXFileReference; lastKnownFileType = text.plist.xml; path = Info.plist; sourceTree = "<group>"; };
		3F60BF7919E7C1920030C35B /* Exam1_54011212057Tests.swift */ = {isa = PBXFileReference; lastKnownFileType = sourcecode.swift; path = Exam1_54011212057Tests.swift; sourceTree = "<group>"; };
		3F60BF8319E7C9F80030C35B /* button-24843_640.png */ = {isa = PBXFileReference; lastKnownFileType = image.png; path = "button-24843_640.png"; sourceTree = "<group>"; };
		3F60BF8519E7CB8E0030C35B /* 1216180030913975458milovanderlinden_Nice_orange_glowy_button.svg.hi.png */ = {isa = PBXFileReference; lastKnownFileType = image.png; path = 1216180030913975458milovanderlinden_Nice_orange_glowy_button.svg.hi.png; sourceTree = "<group>"; };
/* End PBXFileReference section */

/* Begin PBXFrameworksBuildPhase section */
		3F60BF5B19E7C1920030C35B /* Frameworks */ = {
			isa = PBXFrameworksBuildPhase;
			buildActionMask = 2147483647;
			files = (
			);
			runOnlyForDeploymentPostprocessing = 0;
		};
		3F60BF7019E7C1920030C35B /* Frameworks */ = {
			isa = PBXFrameworksBuildPhase;
			buildActionMask = 2147483647;
			files = (
			);
			runOnlyForDeploymentPostprocessing = 0;
		};
/* End PBXFrameworksBuildPhase section */

/* Begin PBXGroup section */
		3F60BF5519E7C1920030C35B = {
			isa = PBXGroup;
			children = (
				3F60BF6019E7C1920030C35B /* Exam1_54011212057 */,
				3F60BF7619E7C1920030C35B /* Exam1_54011212057Tests */,
				3F60BF5F19E7C1920030C35B /* Products */,
			);
			sourceTree = "<group>";
		};
		3F60BF5F19E7C1920030C35B /* Products */ = {
			isa = PBXGroup;
			children = (
				3F60BF5E19E7C1920030C35B /* Exam1_54011212057.app */,
				3F60BF7319E7C1920030C35B /* Exam1_54011212057Tests.xctest */,
			);
			name = Products;
			sourceTree = "<group>";
		};
		3F60BF6019E7C1920030C35B /* Exam1_54011212057 */ = {
			isa = PBXGroup;
			children = (
				3F60BF6319E7C1920030C35B /* AppDelegate.swift */,
				3F60BF6519E7C1920030C35B /* ViewController.swift */,
				3F60BF6719E7C1920030C35B /* Main.storyboard */,
				3F60BF6A19E7C1920030C35B /* Images.xcassets */,
				3F60BF6C19E7C1920030C35B /* LaunchScreen.xib */,
				3F60BF6119E7C1920030C35B /* Supporting Files */,
			);
			path = Exam1_54011212057;
			sourceTree = "<group>";
		};
		3F60BF6119E7C1920030C35B /* Supporting Files */ = {
			isa = PBXGroup;
			children = (
				3F60BF8519E7CB8E0030C35B /* 1216180030913975458milovanderlinden_Nice_orange_glowy_button.svg.hi.png */,
				3F60BF6219E7C1920030C35B /* Info.plist */,
				3F60BF8319E7C9F80030C35B /* button-24843_640.png */,
			);
			name = "Supporting Files";
			sourceTree = "<group>";
		};
		3F60BF7619E7C1920030C35B /* Exam1_54011212057Tests */ = {
			isa = PBXGroup;
			children = (
				3F60BF7919E7C1920030C35B /* Exam1_54011212057Tests.swift */,
				3F60BF7719E7C1920030C35B /* Supporting Files */,
			);
			path = Exam1_54011212057Tests;
			sourceTree = "<group>";
		};
		3F60BF7719E7C1920030C35B /* Supporting Files */ = {
			isa = PBXGroup;
			children = (
				3F60BF7819E7C1920030C35B /* Info.plist */,
			);
			name = "Supporting Files";
			sourceTree = "<group>";
		};
/* End PBXGroup section */

/* Begin PBXNativeTarget section */
		3F60BF5D19E7C1920030C35B /* Exam1_54011212057 */ = {
			isa = PBXNativeTarget;
			buildConfigurationList = 3F60BF7D19E7C1920030C35B /* Build configuration list for PBXNativeTarget "Exam1_54011212057" */;
			buildPhases = (
				3F60BF5A19E7C1920030C35B /* Sources */,
				3F60BF5B19E7C1920030C35B /* Frameworks */,
				3F60BF5C19E7C1920030C35B /* Resources */,
			);
			buildRules = (
			);
			dependencies = (
			);
			name = Exam1_54011212057;
			productName = Exam1_54011212057;
			productReference = 3F60BF5E19E7C1920030C35B /* Exam1_54011212057.app */;
			productType = "com.apple.product-type.application";
		};
		3F60BF7219E7C1920030C35B /* Exam1_54011212057Tests */ = {
			isa = PBXNativeTarget;
			buildConfigurationList = 3F60BF8019E7C1920030C35B /* Build configuration list for PBXNativeTarget "Exam1_54011212057Tests" */;
			buildPhases = (
				3F60BF6F19E7C1920030C35B /* Sources */,
				3F60BF7019E7C1920030C35B /* Frameworks */,
				3F60BF7119E7C1920030C35B /* Resources */,
			);
			buildRules = (
			);
			dependencies = (
				3F60BF7519E7C1920030C35B /* PBXTargetDependency */,
			);
			name = Exam1_54011212057Tests;
			productName = Exam1_54011212057Tests;
			productReference = 3F60BF7319E7C1920030C35B /* Exam1_54011212057Tests.xctest */;
			productType = "com.apple.product-type.bundle.unit-test";
		};
/* End PBXNativeTarget section */

/* Begin PBXProject section */
		3F60BF5619E7C1920030C35B /* Project object */ = {
			isa = PBXProject;
			attributes = {
				LastUpgradeCheck = 0600;
				ORGANIZATIONNAME = student;
				TargetAttributes = {
					3F60BF5D19E7C1920030C35B = {
						CreatedOnToolsVersion = 6.0;
					};
					3F60BF7219E7C1920030C35B = {
						CreatedOnToolsVersion = 6.0;
						TestTargetID = 3F60BF5D19E7C1920030C35B;
					};
				};
			};
			buildConfigurationList = 3F60BF5919E7C1920030C35B /* Build configuration list for PBXProject "Exam1_54011212057" */;
			compatibilityVersion = "Xcode 3.2";
			developmentRegion = English;
			hasScannedForEncodings = 0;
			knownRegions = (
				en,
				Base,
			);
			mainGroup = 3F60BF5519E7C1920030C35B;
			productRefGroup = 3F60BF5F19E7C1920030C35B /* Products */;
			projectDirPath = "";
			projectRoot = "";
			targets = (
				3F60BF5D19E7C1920030C35B /* Exam1_54011212057 */,
				3F60BF7219E7C1920030C35B /* Exam1_54011212057Tests */,
			);
		};
/* End PBXProject section */

/* Begin PBXResourcesBuildPhase section */
		3F60BF5C19E7C1920030C35B /* Resources */ = {
			isa = PBXResourcesBuildPhase;
			buildActionMask = 2147483647;
			files = (
				3F60BF6919E7C1920030C35B /* Main.storyboard in Resources */,
				3F60BF6E19E7C1920030C35B /* LaunchScreen.xib in Resources */,
				3F60BF8619E7CB8E0030C35B /* 1216180030913975458milovanderlinden_Nice_orange_glowy_button.svg.hi.png in Resources */,
				3F60BF8419E7C9F80030C35B /* button-24843_640.png in Resources */,
				3F60BF6B19E7C1920030C35B /* Images.xcassets in Resources */,
			);
			runOnlyForDeploymentPostprocessing = 0;
		};
		3F60BF7119E7C1920030C35B /* Resources */ = {
			isa = PBXResourcesBuildPhase;
			buildActionMask = 2147483647;
			files = (
			);
			runOnlyForDeploymentPostprocessing = 0;
		};
/* End PBXResourcesBuildPhase section */

/* Begin PBXSourcesBuildPhase section */
		3F60BF5A19E7C1920030C35B /* Sources */ = {
			isa = PBXSourcesBuildPhase;
			buildActionMask = 2147483647;
			files = (
				3F60BF6619E7C1920030C35B /* ViewController.swift in Sources */,
				3F60BF6419E7C1920030C35B /* AppDelegate.swift in Sources */,
			);
			runOnlyForDeploymentPostprocessing = 0;
		};
		3F60BF6F19E7C1920030C35B /* Sources */ = {
			isa = PBXSourcesBuildPhase;
			buildActionMask = 2147483647;
			files = (
				3F60BF7A19E7C1920030C35B /* Exam1_54011212057Tests.swift in Sources */,
			);
			runOnlyForDeploymentPostprocessing = 0;
		};
/* End PBXSourcesBuildPhase section */

/* Begin PBXTargetDependency section */
		3F60BF7519E7C1920030C35B /* PBXTargetDependency */ = {
			isa = PBXTargetDependency;
			target = 3F60BF5D19E7C1920030C35B /* Exam1_54011212057 */;
			targetProxy = 3F60BF7419E7C1920030C35B /* PBXContainerItemProxy */;
		};
/* End PBXTargetDependency section */

/* Begin PBXVariantGroup section */
		3F60BF6719E7C1920030C35B /* Main.storyboard */ = {
			isa = PBXVariantGroup;
			children = (
				3F60BF6819E7C1920030C35B /* Base */,
			);
			name = Main.storyboard;
			sourceTree = "<group>";
		};
		3F60BF6C19E7C1920030C35B /* LaunchScreen.xib */ = {
			isa = PBXVariantGroup;
			children = (
				3F60BF6D19E7C1920030C35B /* Base */,
			);
			name = LaunchScreen.xib;
			sourceTree = "<group>";
		};
/* End PBXVariantGroup section */

/* Begin XCBuildConfiguration section */
		3F60BF7B19E7C1920030C35B /* Debug */ = {
			isa = XCBuildConfiguration;
			buildSettings = {
				ALWAYS_SEARCH_USER_PATHS = NO;
				CLANG_CXX_LANGUAGE_STANDARD = "gnu++0x";
				CLANG_CXX_LIBRARY = "libc++";
				CLANG_ENABLE_MODULES = YES;
				CLANG_ENABLE_OBJC_ARC = YES;
				CLANG_WARN_BOOL_CONVERSION = YES;
				CLANG_WARN_CONSTANT_CONVERSION = YES;
				CLANG_WARN_DIRECT_OBJC_ISA_USAGE = YES_ERROR;
				CLANG_WARN_EMPTY_BODY = YES;
				CLANG_WARN_ENUM_CONVERSION = YES;
				CLANG_WARN_INT_CONVERSION = YES;
				CLANG_WARN_OBJC_ROOT_CLASS = YES_ERROR;
				CLANG_WARN_UNREACHABLE_CODE = YES;
				CLANG_WARN__DUPLICATE_METHOD_MATCH = YES;
				"CODE_SIGN_IDENTITY[sdk=iphoneos*]" = "iPhone Developer";
				COPY_PHASE_STRIP = NO;
				ENABLE_STRICT_OBJC_MSGSEND = YES;
				GCC_C_LANGUAGE_STANDARD = gnu99;
				GCC_DYNAMIC_NO_PIC = NO;
				GCC_OPTIMIZATION_LEVEL = 0;
				GCC_PREPROCESSOR_DEFINITIONS = (
					"DEBUG=1",
					"$(inherited)",
				);
				GCC_SYMBOLS_PRIVATE_EXTERN = NO;
				GCC_WARN_64_TO_32_BIT_CONVERSION = YES;
				GCC_WARN_ABOUT_RETURN_TYPE = YES_ERROR;
				GCC_WARN_UNDECLARED_SELECTOR = YES;
				GCC_WARN_UNINITIALIZED_AUTOS = YES_AGGRESSIVE;
				GCC_WARN_UNUSED_FUNCTION = YES;
				GCC_WARN_UNUSED_VARIABLE = YES;
				IPHONEOS_DEPLOYMENT_TARGET = 8.0;
				MTL_ENABLE_DEBUG_INFO = YES;
				ONLY_ACTIVE_ARCH = YES;
				SDKROOT = iphoneos;
				SWIFT_OPTIMIZATION_LEVEL = "-Onone";
			};
			name = Debug;
		};
		3F60BF7C19E7C1920030C35B /* Release */ = {
			isa = XCBuildConfiguration;
			buildSettings = {
				ALWAYS_SEARCH_USER_PATHS = NO;
				CLANG_CXX_LANGUAGE_STANDARD = "gnu++0x";
				CLANG_CXX_LIBRARY = "libc++";
				CLANG_ENABLE_MODULES = YES;
				CLANG_ENABLE_OBJC_ARC = YES;
				CLANG_WARN_BOOL_CONVERSION = YES;
				CLANG_WARN_CONSTANT_CONVERSION = YES;
				CLANG_WARN_DIRECT_OBJC_ISA_USAGE = YES_ERROR;
				CLANG_WARN_EMPTY_BODY = YES;
				CLANG_WARN_ENUM_CONVERSION = YES;
				CLANG_WARN_INT_CONVERSION = YES;
				CLANG_WARN_OBJC_ROOT_CLASS = YES_ERROR;
				CLANG_WARN_UNREACHABLE_CODE = YES;
				CLANG_WARN__DUPLICATE_METHOD_MATCH = YES;
				"CODE_SIGN_IDENTITY[sdk=iphoneos*]" = "iPhone Developer";
				COPY_PHASE_STRIP = YES;
				ENABLE_NS_ASSERTIONS = NO;
				ENABLE_STRICT_OBJC_MSGSEND = YES;
				GCC_C_LANGUAGE_STANDARD = gnu99;
				GCC_WARN_64_TO_32_BIT_CONVERSION = YES;
				GCC_WARN_ABOUT_RETURN_TYPE = YES_ERROR;
				GCC_WARN_UNDECLARED_SELECTOR = YES;
				GCC_WARN_UNINITIALIZED_AUTOS = YES_AGGRESSIVE;
				GCC_WARN_UNUSED_FUNCTION = YES;
				GCC_WARN_UNUSED_VARIABLE = YES;
				IPHONEOS_DEPLOYMENT_TARGET = 8.0;
				MTL_ENABLE_DEBUG_INFO = NO;
				SDKROOT = iphoneos;
				VALIDATE_PRODUCT = YES;
			};
			name = Release;
		};
		3F60BF7E19E7C1920030C35B /* Debug */ = {
			isa = XCBuildConfiguration;
			buildSettings = {
				ASSETCATALOG_COMPILER_APPICON_NAME = AppIcon;
				INFOPLIST_FILE = Exam1_54011212057/Info.plist;
				LD_RUNPATH_SEARCH_PATHS = "$(inherited) @executable_path/Frameworks";
				PRODUCT_NAME = "$(TARGET_NAME)";
			};
			name = Debug;
		};
		3F60BF7F19E7C1920030C35B /* Release */ = {
			isa = XCBuildConfiguration;
			buildSettings = {
				ASSETCATALOG_COMPILER_APPICON_NAME = AppIcon;
				INFOPLIST_FILE = Exam1_54011212057/Info.plist;
				LD_RUNPATH_SEARCH_PATHS = "$(inherited) @executable_path/Frameworks";
				PRODUCT_NAME = "$(TARGET_NAME)";
			};
			name = Release;
		};
		3F60BF8119E7C1920030C35B /* Debug */ = {
			isa = XCBuildConfiguration;
			buildSettings = {
				BUNDLE_LOADER = "$(TEST_HOST)";
				FRAMEWORK_SEARCH_PATHS = (
					"$(SDKROOT)/Developer/Library/Frameworks",
					"$(inherited)",
				);
				GCC_PREPROCESSOR_DEFINITIONS = (
					"DEBUG=1",
					"$(inherited)",
				);
				INFOPLIST_FILE = Exam1_54011212057Tests/Info.plist;
				LD_RUNPATH_SEARCH_PATHS = "$(inherited) @executable_path/Frameworks @loader_path/Frameworks";
				PRODUCT_NAME = "$(TARGET_NAME)";
				TEST_HOST = "$(BUILT_PRODUCTS_DIR)/Exam1_54011212057.app/Exam1_54011212057";
			};
			name = Debug;
		};
		3F60BF8219E7C1920030C35B /* Release */ = {
			isa = XCBuildConfiguration;
			buildSettings = {
				BUNDLE_LOADER = "$(TEST_HOST)";
				FRAMEWORK_SEARCH_PATHS = (
					"$(SDKROOT)/Developer/Library/Frameworks",
					"$(inherited)",
				);
				INFOPLIST_FILE = Exam1_54011212057Tests/Info.plist;
				LD_RUNPATH_SEARCH_PATHS = "$(inherited) @executable_path/Frameworks @loader_path/Frameworks";
				PRODUCT_NAME = "$(TARGET_NAME)";
				TEST_HOST = "$(BUILT_PRODUCTS_DIR)/Exam1_54011212057.app/Exam1_54011212057";
			};
			name = Release;
		};
/* End XCBuildConfiguration section */

/* Begin XCConfigurationList section */
		3F60BF5919E7C1920030C35B /* Build configuration list for PBXProject "Exam1_54011212057" */ = {
			isa = XCConfigurationList;
			buildConfigurations = (
				3F60BF7B19E7C1920030C35B /* Debug */,
				3F60BF7C19E7C1920030C35B /* Release */,
			);
			defaultConfigurationIsVisible = 0;
			defaultConfigurationName = Release;
		};
		3F60BF7D19E7C1920030C35B /* Build configuration list for PBXNativeTarget "Exam1_54011212057" */ = {
			isa = XCConfigurationList;
			buildConfigurations = (
				3F60BF7E19E7C1920030C35B /* Debug */,
				3F60BF7F19E7C1920030C35B /* Release */,
			);
			defaultConfigurationIsVisible = 0;
		};
		3F60BF8019E7C1920030C35B /* Build configuration list for PBXNativeTarget "Exam1_54011212057Tests" */ = {
			isa = XCConfigurationList;
			buildConfigurations = (
				3F60BF8119E7C1920030C35B /* Debug */,
				3F60BF8219E7C1920030C35B /* Release */,
			);
			defaultConfigurationIsVisible = 0;
		};
/* End XCConfigurationList section */
	};
	rootObject = 3F60BF5619E7C1920030C35B /* Project object */;
}
